
Microsoft Visual Studio Solution File, Format Version 12.00
# Visual Studio 15
VisualStudioVersion = 15.0.26730.12
MinimumVisualStudioVersion = 10.0.40219.1
Project("{2150E333-8FDC-42A3-9474-1A3956D46DE8}") = "libraries", "libraries", "{1F116D3B-E8F2-40BE-B01D-46FF1C96ECB3}"
EndProject
Project("{2150E333-8FDC-42A3-9474-1A3956D46DE8}") = "applications", "applications", "{22DC36CD-EB10-410F-AF18-D65DAFE32C4D}"
EndProject
Project("{2150E333-8FDC-42A3-9474-1A3956D46DE8}") = "Framework", "Framework", "{2EA4E039-D90C-45DA-A5FC-248C87C9151E}"
EndProject
Project("{2150E333-8FDC-42A3-9474-1A3956D46DE8}") = "Utilities", "Utilities", "{50F92FB4-EB41-4B85-8D66-92CF516AC670}"
EndProject
Project("{2150E333-8FDC-42A3-9474-1A3956D46DE8}") = "App", "App", "{3458E189-A56A-490C-B412-F3A5EBFEC669}"
EndProject
Project("{2150E333-8FDC-42A3-9474-1A3956D46DE8}") = "applications", "applications", "{699175EF-E1FC-44C0-BEA3-2E59620D1727}"
EndProject
Project("{2150E333-8FDC-42A3-9474-1A3956D46DE8}") = "libraries", "libraries", "{4C49E3D7-ACE6-4439-A509-7AE313D1169C}"
EndProject
Project("{9A19103F-16F7-4668-BE54-9A1E7A4F7556}") = "TechnoBee.Licensing.Framework-Abstractions", "Framework\libraries\Framework-Abstractions\TechnoBee.Licensing.Framework-Abstractions.csproj", "{E2C97D92-5A26-44ED-B4CF-3FB4E4C11670}"
EndProject
Project("{9A19103F-16F7-4668-BE54-9A1E7A4F7556}") = "TechnoBee.Licensing.Framework-Sdk", "Framework\libraries\Framework-Sdk\TechnoBee.Licensing.Framework-Sdk.csproj", "{25F5477B-DCD4-459D-AD7F-F2EDD0861A41}"
EndProject
Project("{9A19103F-16F7-4668-BE54-9A1E7A4F7556}") = "TechnoBee.Licensing.Framework-Core", "Framework\libraries\Framework-Core\TechnoBee.Licensing.Framework-Core.csproj", "{4A17DC46-D107-4EA0-A29F-469E75BFFC8F}"
EndProject
Project("{9A19103F-16F7-4668-BE54-9A1E7A4F7556}") = "TechnoBee.Licensing.Utilities.Deployment-Core", "Utilities\libraries\Deployment-Core\TechnoBee.Licensing.Utilities.Deployment-Core.csproj", "{FACF5BB2-F2C2-449D-B185-7A602F6FA44D}"
EndProject
Project("{2150E333-8FDC-42A3-9474-1A3956D46DE8}") = "Clients", "Clients", "{79E00D7E-15B9-4CC7-ACAD-C7762F364157}"
EndProject
Project("{9A19103F-16F7-4668-BE54-9A1E7A4F7556}") = "TechnoBee.Licensing.Clients-Core", "Clients\libraries\Core\TechnoBee.Licensing.Clients-Core.csproj", "{6F3AFE49-AB58-464D-B252-F7EF803BAE7C}"
EndProject
Project("{2150E333-8FDC-42A3-9474-1A3956D46DE8}") = "libraries", "libraries", "{FF130810-9BD3-4A4D-BC9E-D54D20847948}"
EndProject
Project("{8BC9CEB8-8B4A-11D0-8D11-00A0C91BC942}") = "TechnoBee.Licensing.Clients-CppSdk", "Clients\libraries\CppSdk\CppSdk.vcxproj", "{743287AA-861B-4A79-808C-BA25717BF67E}"
	ProjectSection(ProjectDependencies) = postProject
		{DA4BB274-15D2-4D23-BEA2-BD26B2CDC33C} = {DA4BB274-15D2-4D23-BEA2-BD26B2CDC33C}
	EndProjectSection
EndProject
Project("{8BC9CEB8-8B4A-11D0-8D11-00A0C91BC942}") = "TechnoBee.Licensing.Clients-CppClrFacade", "Clients\libraries\CppClrFacade\CppClrFacade.vcxproj", "{DA4BB274-15D2-4D23-BEA2-BD26B2CDC33C}"
EndProject
Project("{2150E333-8FDC-42A3-9474-1A3956D46DE8}") = "poc", "poc", "{0D95C186-9AA0-45EF-BAA6-86D0D242C3AE}"
EndProject
Project("{9A19103F-16F7-4668-BE54-9A1E7A4F7556}") = "TechnoBee.Licensing.Clients-Abstractions", "Clients\libraries\Abstractions\TechnoBee.Licensing.Clients-Abstractions.csproj", "{A80780C7-4929-4ACB-85D2-8A2ECD9A73C4}"
EndProject
Project("{9A19103F-16F7-4668-BE54-9A1E7A4F7556}") = "TechnoBee.Licensing.Clients-Sdk", "Clients\libraries\Sdk\TechnoBee.Licensing.Clients-Sdk.csproj", "{35230BFE-018B-492B-ACCF-714462701079}"
EndProject
Project("{9A19103F-16F7-4668-BE54-9A1E7A4F7556}") = "NetPoc", "Clients\poc\NetPoc\NetPoc.csproj", "{7EFB9A32-37E3-4575-A132-2069769B4E3C}"
EndProject
Project("{9A19103F-16F7-4668-BE54-9A1E7A4F7556}") = "TechnoBee.Licensing.Clients-Annotations", "Clients\libraries\Annotations\TechnoBee.Licensing.Clients-Annotations.csproj", "{952C91F6-ABDB-4C6C-B4E8-9036FD5563B4}"
EndProject
Project("{2150E333-8FDC-42A3-9474-1A3956D46DE8}") = "tests", "tests", "{9161CD33-593F-446E-9356-AD1D489D5CD0}"
EndProject
Project("{9A19103F-16F7-4668-BE54-9A1E7A4F7556}") = "TechnoBee.Licensing.Client-Core_Tests", "Clients\tests\Core_Tests\TechnoBee.Licensing.Client-Core_Tests.csproj", "{965AA5BF-2837-4280-9CD6-91177ADE2B2B}"
EndProject
Project("{2150E333-8FDC-42A3-9474-1A3956D46DE8}") = "cases", "cases", "{38234EF7-B0C1-403B-8C97-FC2E0C6962E9}"
EndProject
Project("{9A19103F-16F7-4668-BE54-9A1E7A4F7556}") = "NetApplication01", "Clients\cases\NetApplication01\NetApplication01.csproj", "{8D96B60C-86C9-4B9D-B01F-2830D8554203}"
EndProject
Project("{2150E333-8FDC-42A3-9474-1A3956D46DE8}") = "Licensing", "Licensing", "{13D7F5C8-BA03-4BA6-BB82-910C71FB74E6}"
EndProject
Project("{2150E333-8FDC-42A3-9474-1A3956D46DE8}") = "libraries", "libraries", "{ADB806A2-5E2B-4E0F-B0CD-5F98C2DC9332}"
EndProject
Project("{9A19103F-16F7-4668-BE54-9A1E7A4F7556}") = "Technobee.Counters.Licensing.DataModels-Abstractions", "Storage\libraries\Abstractions\Technobee.Counters.Licensing.DataModels-Abstractions.csproj", "{3586F533-6CCB-470C-96D5-6C3137F00E43}"
EndProject
Project("{9A19103F-16F7-4668-BE54-9A1E7A4F7556}") = "Technobee.Counters.Licensing.DataModels-Local", "Storage\libraries\Local\Technobee.Counters.Licensing.DataModels-Local.csproj", "{C6DF15F5-E263-41E0-8404-D00ACED88D8F}"
EndProject
Project("{2150E333-8FDC-42A3-9474-1A3956D46DE8}") = "Helpers", "Helpers", "{EDC55BF6-5221-4683-ACED-2F3A88B0462F}"
EndProject
Project("{2150E333-8FDC-42A3-9474-1A3956D46DE8}") = "libraries", "libraries", "{D51563C7-0B60-4139-8AC9-875A37FA127E}"
EndProject
Project("{9A19103F-16F7-4668-BE54-9A1E7A4F7556}") = "TechnoBee.Licensing.Helpers-IO", "Helpers\libraries\IO\TechnoBee.Licensing.Helpers-IO.csproj", "{CD266A2F-B109-4AC5-B022-C82B05A39C8B}"
EndProject
Project("{9A19103F-16F7-4668-BE54-9A1E7A4F7556}") = "TechnoBee.Licensing.Helpers-DocumentStorage", "Helpers\libraries\DocumentStorage\TechnoBee.Licensing.Helpers-DocumentStorage.csproj", "{636481D7-326D-470A-8133-729452A6BFA5}"
EndProject
Project("{9A19103F-16F7-4668-BE54-9A1E7A4F7556}") = "TechnoBee.Licensing.Clients-LocalStorage", "Clients\libraries\LocalStorage\TechnoBee.Licensing.Clients-LocalStorage.csproj", "{AC163228-BE3E-48A1-A6BA-D41A8E05C32C}"
EndProject
Project("{9A19103F-16F7-4668-BE54-9A1E7A4F7556}") = "TechnoBee.Licensing.Utilities.CertificateTool", "Utilities\applications\CertificateTool\TechnoBee.Licensing.Utilities.CertificateTool.csproj", "{4E219196-5466-4D56-AEEB-19C59E501279}"
EndProject
Project("{9A19103F-16F7-4668-BE54-9A1E7A4F7556}") = "TechnoBee.Licensing.Utilities.Deployment", "Utilities\libraries\Deployment\TechnoBee.Licensing.Utilities.Deployment.csproj", "{538D8C81-8A59-4C85-B934-C44CC204CB65}"
EndProject
Project("{2150E333-8FDC-42A3-9474-1A3956D46DE8}") = "tests", "tests", "{C10EB7DD-570D-4194-ADDC-AE1DC9263588}"
EndProject
Project("{9A19103F-16F7-4668-BE54-9A1E7A4F7556}") = "TechnoBee.Licensing.Utilities.CertificateTool_IntegrationTests", "Utilities\tests\CertificateTool_IntegrationTests\TechnoBee.Licensing.Utilities.CertificateTool_IntegrationTests.csproj", "{0B36B769-FF25-41A7-A816-4D1BEE392057}"
EndProject
Project("{9A19103F-16F7-4668-BE54-9A1E7A4F7556}") = "TechnoBee.Licensing.Utilities.CertificateTool_UnitTests", "Utilities\tests\CertificateTool_UnitTests\TechnoBee.Licensing.Utilities.CertificateTool_UnitTests.csproj", "{42F07156-F528-41ED-877D-4EF99DCD4D54}"
EndProject
Project("{2150E333-8FDC-42A3-9474-1A3956D46DE8}") = "!Solution Items", "!Solution Items", "{6E6D0294-1318-419B-AD54-0D228E8A9687}"
	ProjectSection(SolutionItems) = preProject
		.snk = .snk
		Products.txt = Products.txt
	EndProjectSection
EndProject
Project("{9A19103F-16F7-4668-BE54-9A1E7A4F7556}") = "TechnoBee.Licensing.Utilities.Fingerprints", "Utilities\libraries\Fingerprints\TechnoBee.Licensing.Utilities.Fingerprints.csproj", "{C01C4911-58D4-4F6C-B484-FE0FF5D17453}"
EndProject
Project("{9A19103F-16F7-4668-BE54-9A1E7A4F7556}") = "TechnoBee.Licensing.Utilities.Deployment-Abstractions", "Utilities\libraries\Deployment-Abstractions\TechnoBee.Licensing.Utilities.Deployment-Abstractions.csproj", "{909DE05A-96B1-4580-B85C-3599D1BF9EC0}"
EndProject
Project("{9A19103F-16F7-4668-BE54-9A1E7A4F7556}") = "TechnoBee.Licensing.Utilities.Deployment-Sdk", "Utilities\libraries\Deployment-Sdk\TechnoBee.Licensing.Utilities.Deployment-Sdk.csproj", "{0BABECCB-8637-4F79-AF7E-03405D229095}"
EndProject
Project("{9A19103F-16F7-4668-BE54-9A1E7A4F7556}") = "TechnoBee.Licensing.Utilities.LicensingHelper", "Utilities\libraries\LicensingHelper\TechnoBee.Licensing.Utilities.LicensingHelper.csproj", "{D32081A7-F10E-4A2E-AA7B-5B893F877FD0}"
EndProject
Project("{9A19103F-16F7-4668-BE54-9A1E7A4F7556}") = "TechnoBee.Licensing.Utilities.Deployment-Core_Test", "Utilities\tests\Deployment-Core_Test\TechnoBee.Licensing.Utilities.Deployment-Core_Test.csproj", "{4A1DD8D5-6224-4CDA-B5D7-F2A4C26D980A}"
EndProject
Project("{9A19103F-16F7-4668-BE54-9A1E7A4F7556}") = "TechnoBee.Licensing.Utilities.DeploymentTool", "Utilities\applications\DeploymentTool\TechnoBee.Licensing.Utilities.DeploymentTool.csproj", "{D8FCE9BE-E7AE-4564-B17E-92D91DE540BA}"
EndProject
Project("{9A19103F-16F7-4668-BE54-9A1E7A4F7556}") = "TechnoBee.Licensing.Utilities.Common-Abstractions", "Utilities\libraries\Common-Abstractions\TechnoBee.Licensing.Utilities.Common-Abstractions.csproj", "{32789A82-8818-46AD-A082-81922F65F3F5}"
EndProject
Project("{9A19103F-16F7-4668-BE54-9A1E7A4F7556}") = "TechnoBee.Licensing.Utilities.Common-Core", "Utilities\libraries\Common-Core\TechnoBee.Licensing.Utilities.Common-Core.csproj", "{3B08269C-5B4C-42A2-AC40-453D0B8C7902}"
EndProject
Project("{9A19103F-16F7-4668-BE54-9A1E7A4F7556}") = "TechnoBee.Licensing.Helpers-Reflection", "Helpers\libraries\Reflection\TechnoBee.Licensing.Helpers-Reflection.csproj", "{179F9DE7-C6D4-41D6-980D-5FBFC6C9F5A7}"
EndProject
Project("{2150E333-8FDC-42A3-9474-1A3956D46DE8}") = "Facades", "Facades", "{10092D31-F5C1-4E9D-B778-68E4DC2E16EA}"
EndProject
Project("{2150E333-8FDC-42A3-9474-1A3956D46DE8}") = "libraries", "libraries", "{3C4AE289-46C4-48D7-A5DA-CB1EBEF3D52D}"
EndProject
Project("{9A19103F-16F7-4668-BE54-9A1E7A4F7556}") = "TechnoBee.Licensing.Facades-Common", "Facades\libraries\Common\TechnoBee.Licensing.Facades-Common.csproj", "{9B226889-A852-4F53-9E2C-EBC527948555}"
EndProject
Project("{2150E333-8FDC-42A3-9474-1A3956D46DE8}") = "tests", "tests", "{039B46E8-3C63-45B0-AEB3-5CEB0F03D8D8}"
EndProject
Project("{9A19103F-16F7-4668-BE54-9A1E7A4F7556}") = "TechnoBee.Licensing.Facades-ProductFacadeBroker_Tests", "Facades\tests\ProductFacadeBroker_Tests\TechnoBee.Licensing.Facades-ProductFacadeBroker_Tests.csproj", "{0D97A1D6-1131-4DA5-8464-02822C460D19}"
EndProject
Project("{2150E333-8FDC-42A3-9474-1A3956D46DE8}") = "cases", "cases", "{B6A8C7D6-D04E-4B27-A4FC-3C18435A007F}"
EndProject
Project("{9A19103F-16F7-4668-BE54-9A1E7A4F7556}") = "TechnoBee.Licensing.Facades-PeopleCountingSolutions", "Facades\cases\PeopleCountingSolutions\TechnoBee.Licensing.Facades-PeopleCountingSolutions.csproj", "{65F129A7-45A6-4641-8CFA-E6CF5914FBF9}"
EndProject
Project("{8BC9CEB8-8B4A-11D0-8D11-00A0C91BC942}") = "CppPoc", "Clients\poc\CppPoc\CppPoc.vcxproj", "{625331B5-1917-4A90-AD95-380584BF0228}"
EndProject
Project("{FAE04EC0-301F-11D3-BF4B-00C04F79EFBC}") = "TechnoBee.Licensing.Clients-ComInterop", "Clients\libraries\ComInterop\TechnoBee.Licensing.Clients-ComInterop.csproj", "{DF3396E4-D29F-4EF0-9641-CB119044D7F9}"
EndProject
Project("{2150E333-8FDC-42A3-9474-1A3956D46DE8}") = ".Net2.0", ".Net2.0", "{BE8C171F-147E-42FF-A38E-B6C19387F08D}"
EndProject
Project("{2150E333-8FDC-42A3-9474-1A3956D46DE8}") = "libraries", "libraries", "{B39E02A8-22CB-4AE6-B999-1137EF8DB7E4}"
EndProject
Project("{FAE04EC0-301F-11D3-BF4B-00C04F79EFBC}") = "LicenseUtil", "Net20\libraries\LicenseUtil\LicenseUtil.csproj", "{5CB529F3-B67E-4D48-9654-220E8C5A99C9}"
EndProject
Project("{2150E333-8FDC-42A3-9474-1A3956D46DE8}") = "applications", "applications", "{5ED0FBEF-2C1F-4541-AA61-311F95EE0FD6}"
EndProject
Project("{FAE04EC0-301F-11D3-BF4B-00C04F79EFBC}") = "Net2.0POC", "Net20\applications\Net2.0POC\Net2.0POC.csproj", "{E57F4AE6-0202-4654-8164-476D47209565}"
EndProject
Project("{FAE04EC0-301F-11D3-BF4B-00C04F79EFBC}") = "Technobee.Marketing.Licensing.DataModels", "Storage\libraries\DataModels\Technobee.Marketing.Licensing.DataModels.csproj", "{29C4C30E-DF94-493C-8DFC-A141EF859400}"
EndProject
Project("{2150E333-8FDC-42A3-9474-1A3956D46DE8}") = "tests", "tests", "{C619F0C1-EBAA-48D1-9C65-334BE281CD33}"
EndProject
Project("{FAE04EC0-301F-11D3-BF4B-00C04F79EFBC}") = "TechnoBee.Marketing.Licensing.DataTest", "Storage\tests\TechnoBee.Licensing.Storage.DataTest\TechnoBee.Marketing.Licensing.DataTest.csproj", "{435B7A2D-BFD3-4379-BCDB-63124D1E692B}"
EndProject
Project("{FAE04EC0-301F-11D3-BF4B-00C04F79EFBC}") = "LicensingManager", "App\applications\LicensingManager\LicensingManager.csproj", "{46C2EE18-3EBE-4C43-A39E-DA21AE43AB10}"
EndProject
Project("{2150E333-8FDC-42A3-9474-1A3956D46DE8}") = "api", "api", "{E58DB432-A1A0-4E25-BA69-9ADF279B7ADD}"
EndProject
Project("{FAE04EC0-301F-11D3-BF4B-00C04F79EFBC}") = "TechnoBee.Marketing.App.CountersApi", "App\api\TechnoBee.Marketing.App.CountersApi\TechnoBee.Marketing.App.CountersApi.csproj", "{21F12AA1-49A5-4A6D-8D25-59B8D123957E}"
EndProject
Project("{FAE04EC0-301F-11D3-BF4B-00C04F79EFBC}") = "TestWebApi", "App\applications\TestWebApi\TestWebApi.csproj", "{8C474830-4B2B-4F61-B0C7-29BF665EB051}"
EndProject
Project("{2150E333-8FDC-42A3-9474-1A3956D46DE8}") = "sites", "sites", "{B266307F-496A-4D82-9480-BCBA4F5CF25D}"
EndProject
Project("{FAE04EC0-301F-11D3-BF4B-00C04F79EFBC}") = "TechnoBee.Marketing.App.CountersViewer", "App\sites\TechnoBee.Marketing.App.CountersViewer\TechnoBee.Marketing.App.CountersViewer.csproj", "{E8A96888-CF33-43DE-B94A-A329A16786AD}"
EndProject
Project("{8BC9CEB8-8B4A-11D0-8D11-00A0C91BC942}") = "CppPoc1", "CppPoc1\CppPoc1.vcxproj", "{DDB8A6AC-EF44-4F5B-B7C7-195EC441D221}"
EndProject
Global
	GlobalSection(SolutionConfigurationPlatforms) = preSolution
		Debug|Any CPU = Debug|Any CPU
		Debug|ARM = Debug|ARM
		Debug|x64 = Debug|x64
		Debug|x86 = Debug|x86
		Release|Any CPU = Release|Any CPU
		Release|ARM = Release|ARM
		Release|x64 = Release|x64
		Release|x86 = Release|x86
	EndGlobalSection
	GlobalSection(ProjectConfigurationPlatforms) = postSolution
		{E2C97D92-5A26-44ED-B4CF-3FB4E4C11670}.Debug|Any CPU.ActiveCfg = Debug|Any CPU
		{E2C97D92-5A26-44ED-B4CF-3FB4E4C11670}.Debug|Any CPU.Build.0 = Debug|Any CPU
		{E2C97D92-5A26-44ED-B4CF-3FB4E4C11670}.Debug|ARM.ActiveCfg = Debug|Any CPU
		{E2C97D92-5A26-44ED-B4CF-3FB4E4C11670}.Debug|ARM.Build.0 = Debug|Any CPU
		{E2C97D92-5A26-44ED-B4CF-3FB4E4C11670}.Debug|x64.ActiveCfg = Debug|Any CPU
		{E2C97D92-5A26-44ED-B4CF-3FB4E4C11670}.Debug|x64.Build.0 = Debug|Any CPU
		{E2C97D92-5A26-44ED-B4CF-3FB4E4C11670}.Debug|x86.ActiveCfg = Debug|Any CPU
		{E2C97D92-5A26-44ED-B4CF-3FB4E4C11670}.Debug|x86.Build.0 = Debug|Any CPU
		{E2C97D92-5A26-44ED-B4CF-3FB4E4C11670}.Release|Any CPU.ActiveCfg = Release|Any CPU
		{E2C97D92-5A26-44ED-B4CF-3FB4E4C11670}.Release|Any CPU.Build.0 = Release|Any CPU
		{E2C97D92-5A26-44ED-B4CF-3FB4E4C11670}.Release|ARM.ActiveCfg = Release|Any CPU
		{E2C97D92-5A26-44ED-B4CF-3FB4E4C11670}.Release|ARM.Build.0 = Release|Any CPU
		{E2C97D92-5A26-44ED-B4CF-3FB4E4C11670}.Release|x64.ActiveCfg = Release|Any CPU
		{E2C97D92-5A26-44ED-B4CF-3FB4E4C11670}.Release|x64.Build.0 = Release|Any CPU
		{E2C97D92-5A26-44ED-B4CF-3FB4E4C11670}.Release|x86.ActiveCfg = Release|Any CPU
		{E2C97D92-5A26-44ED-B4CF-3FB4E4C11670}.Release|x86.Build.0 = Release|Any CPU
		{25F5477B-DCD4-459D-AD7F-F2EDD0861A41}.Debug|Any CPU.ActiveCfg = Debug|Any CPU
		{25F5477B-DCD4-459D-AD7F-F2EDD0861A41}.Debug|Any CPU.Build.0 = Debug|Any CPU
		{25F5477B-DCD4-459D-AD7F-F2EDD0861A41}.Debug|ARM.ActiveCfg = Debug|Any CPU
		{25F5477B-DCD4-459D-AD7F-F2EDD0861A41}.Debug|ARM.Build.0 = Debug|Any CPU
		{25F5477B-DCD4-459D-AD7F-F2EDD0861A41}.Debug|x64.ActiveCfg = Debug|Any CPU
		{25F5477B-DCD4-459D-AD7F-F2EDD0861A41}.Debug|x64.Build.0 = Debug|Any CPU
		{25F5477B-DCD4-459D-AD7F-F2EDD0861A41}.Debug|x86.ActiveCfg = Debug|Any CPU
		{25F5477B-DCD4-459D-AD7F-F2EDD0861A41}.Debug|x86.Build.0 = Debug|Any CPU
		{25F5477B-DCD4-459D-AD7F-F2EDD0861A41}.Release|Any CPU.ActiveCfg = Release|Any CPU
		{25F5477B-DCD4-459D-AD7F-F2EDD0861A41}.Release|Any CPU.Build.0 = Release|Any CPU
		{25F5477B-DCD4-459D-AD7F-F2EDD0861A41}.Release|ARM.ActiveCfg = Release|Any CPU
		{25F5477B-DCD4-459D-AD7F-F2EDD0861A41}.Release|ARM.Build.0 = Release|Any CPU
		{25F5477B-DCD4-459D-AD7F-F2EDD0861A41}.Release|x64.ActiveCfg = Release|Any CPU
		{25F5477B-DCD4-459D-AD7F-F2EDD0861A41}.Release|x64.Build.0 = Release|Any CPU
		{25F5477B-DCD4-459D-AD7F-F2EDD0861A41}.Release|x86.ActiveCfg = Release|Any CPU
		{25F5477B-DCD4-459D-AD7F-F2EDD0861A41}.Release|x86.Build.0 = Release|Any CPU
		{4A17DC46-D107-4EA0-A29F-469E75BFFC8F}.Debug|Any CPU.ActiveCfg = Debug|Any CPU
		{4A17DC46-D107-4EA0-A29F-469E75BFFC8F}.Debug|Any CPU.Build.0 = Debug|Any CPU
		{4A17DC46-D107-4EA0-A29F-469E75BFFC8F}.Debug|ARM.ActiveCfg = Debug|Any CPU
		{4A17DC46-D107-4EA0-A29F-469E75BFFC8F}.Debug|ARM.Build.0 = Debug|Any CPU
		{4A17DC46-D107-4EA0-A29F-469E75BFFC8F}.Debug|x64.ActiveCfg = Debug|Any CPU
		{4A17DC46-D107-4EA0-A29F-469E75BFFC8F}.Debug|x64.Build.0 = Debug|Any CPU
		{4A17DC46-D107-4EA0-A29F-469E75BFFC8F}.Debug|x86.ActiveCfg = Debug|Any CPU
		{4A17DC46-D107-4EA0-A29F-469E75BFFC8F}.Debug|x86.Build.0 = Debug|Any CPU
		{4A17DC46-D107-4EA0-A29F-469E75BFFC8F}.Release|Any CPU.ActiveCfg = Release|Any CPU
		{4A17DC46-D107-4EA0-A29F-469E75BFFC8F}.Release|Any CPU.Build.0 = Release|Any CPU
		{4A17DC46-D107-4EA0-A29F-469E75BFFC8F}.Release|ARM.ActiveCfg = Release|Any CPU
		{4A17DC46-D107-4EA0-A29F-469E75BFFC8F}.Release|ARM.Build.0 = Release|Any CPU
		{4A17DC46-D107-4EA0-A29F-469E75BFFC8F}.Release|x64.ActiveCfg = Release|Any CPU
		{4A17DC46-D107-4EA0-A29F-469E75BFFC8F}.Release|x64.Build.0 = Release|Any CPU
		{4A17DC46-D107-4EA0-A29F-469E75BFFC8F}.Release|x86.ActiveCfg = Release|Any CPU
		{4A17DC46-D107-4EA0-A29F-469E75BFFC8F}.Release|x86.Build.0 = Release|Any CPU
		{FACF5BB2-F2C2-449D-B185-7A602F6FA44D}.Debug|Any CPU.ActiveCfg = Debug|Any CPU
		{FACF5BB2-F2C2-449D-B185-7A602F6FA44D}.Debug|Any CPU.Build.0 = Debug|Any CPU
		{FACF5BB2-F2C2-449D-B185-7A602F6FA44D}.Debug|ARM.ActiveCfg = Debug|Any CPU
		{FACF5BB2-F2C2-449D-B185-7A602F6FA44D}.Debug|ARM.Build.0 = Debug|Any CPU
		{FACF5BB2-F2C2-449D-B185-7A602F6FA44D}.Debug|x64.ActiveCfg = Debug|Any CPU
		{FACF5BB2-F2C2-449D-B185-7A602F6FA44D}.Debug|x64.Build.0 = Debug|Any CPU
		{FACF5BB2-F2C2-449D-B185-7A602F6FA44D}.Debug|x86.ActiveCfg = Debug|Any CPU
		{FACF5BB2-F2C2-449D-B185-7A602F6FA44D}.Debug|x86.Build.0 = Debug|Any CPU
		{FACF5BB2-F2C2-449D-B185-7A602F6FA44D}.Release|Any CPU.ActiveCfg = Release|Any CPU
		{FACF5BB2-F2C2-449D-B185-7A602F6FA44D}.Release|Any CPU.Build.0 = Release|Any CPU
		{FACF5BB2-F2C2-449D-B185-7A602F6FA44D}.Release|ARM.ActiveCfg = Release|Any CPU
		{FACF5BB2-F2C2-449D-B185-7A602F6FA44D}.Release|ARM.Build.0 = Release|Any CPU
		{FACF5BB2-F2C2-449D-B185-7A602F6FA44D}.Release|x64.ActiveCfg = Release|Any CPU
		{FACF5BB2-F2C2-449D-B185-7A602F6FA44D}.Release|x64.Build.0 = Release|Any CPU
		{FACF5BB2-F2C2-449D-B185-7A602F6FA44D}.Release|x86.ActiveCfg = Release|Any CPU
		{FACF5BB2-F2C2-449D-B185-7A602F6FA44D}.Release|x86.Build.0 = Release|Any CPU
		{6F3AFE49-AB58-464D-B252-F7EF803BAE7C}.Debug|Any CPU.ActiveCfg = Debug|Any CPU
		{6F3AFE49-AB58-464D-B252-F7EF803BAE7C}.Debug|Any CPU.Build.0 = Debug|Any CPU
		{6F3AFE49-AB58-464D-B252-F7EF803BAE7C}.Debug|ARM.ActiveCfg = Debug|Any CPU
		{6F3AFE49-AB58-464D-B252-F7EF803BAE7C}.Debug|ARM.Build.0 = Debug|Any CPU
		{6F3AFE49-AB58-464D-B252-F7EF803BAE7C}.Debug|x64.ActiveCfg = Debug|Any CPU
		{6F3AFE49-AB58-464D-B252-F7EF803BAE7C}.Debug|x64.Build.0 = Debug|Any CPU
		{6F3AFE49-AB58-464D-B252-F7EF803BAE7C}.Debug|x86.ActiveCfg = Debug|Any CPU
		{6F3AFE49-AB58-464D-B252-F7EF803BAE7C}.Debug|x86.Build.0 = Debug|Any CPU
		{6F3AFE49-AB58-464D-B252-F7EF803BAE7C}.Release|Any CPU.ActiveCfg = Release|Any CPU
		{6F3AFE49-AB58-464D-B252-F7EF803BAE7C}.Release|Any CPU.Build.0 = Release|Any CPU
		{6F3AFE49-AB58-464D-B252-F7EF803BAE7C}.Release|ARM.ActiveCfg = Release|Any CPU
		{6F3AFE49-AB58-464D-B252-F7EF803BAE7C}.Release|ARM.Build.0 = Release|Any CPU
		{6F3AFE49-AB58-464D-B252-F7EF803BAE7C}.Release|x64.ActiveCfg = Release|Any CPU
		{6F3AFE49-AB58-464D-B252-F7EF803BAE7C}.Release|x64.Build.0 = Release|Any CPU
		{6F3AFE49-AB58-464D-B252-F7EF803BAE7C}.Release|x86.ActiveCfg = Release|Any CPU
		{6F3AFE49-AB58-464D-B252-F7EF803BAE7C}.Release|x86.Build.0 = Release|Any CPU
		{743287AA-861B-4A79-808C-BA25717BF67E}.Debug|Any CPU.ActiveCfg = Debug|Win32
		{743287AA-861B-4A79-808C-BA25717BF67E}.Debug|ARM.ActiveCfg = Debug|Win32
		{743287AA-861B-4A79-808C-BA25717BF67E}.Debug|x64.ActiveCfg = Debug|x64
		{743287AA-861B-4A79-808C-BA25717BF67E}.Debug|x64.Build.0 = Debug|x64
		{743287AA-861B-4A79-808C-BA25717BF67E}.Debug|x86.ActiveCfg = Debug|Win32
		{743287AA-861B-4A79-808C-BA25717BF67E}.Debug|x86.Build.0 = Debug|Win32
		{743287AA-861B-4A79-808C-BA25717BF67E}.Release|Any CPU.ActiveCfg = Release|Win32
		{743287AA-861B-4A79-808C-BA25717BF67E}.Release|ARM.ActiveCfg = Release|Win32
		{743287AA-861B-4A79-808C-BA25717BF67E}.Release|x64.ActiveCfg = Release|x64
		{743287AA-861B-4A79-808C-BA25717BF67E}.Release|x64.Build.0 = Release|x64
		{743287AA-861B-4A79-808C-BA25717BF67E}.Release|x86.ActiveCfg = Release|Win32
		{743287AA-861B-4A79-808C-BA25717BF67E}.Release|x86.Build.0 = Release|Win32
		{DA4BB274-15D2-4D23-BEA2-BD26B2CDC33C}.Debug|Any CPU.ActiveCfg = Debug|Win32
		{DA4BB274-15D2-4D23-BEA2-BD26B2CDC33C}.Debug|ARM.ActiveCfg = Debug|Win32
		{DA4BB274-15D2-4D23-BEA2-BD26B2CDC33C}.Debug|x64.ActiveCfg = Debug|Win32
		{DA4BB274-15D2-4D23-BEA2-BD26B2CDC33C}.Debug|x64.Build.0 = Debug|x64
		{DA4BB274-15D2-4D23-BEA2-BD26B2CDC33C}.Debug|x86.ActiveCfg = Debug|Win32
		{DA4BB274-15D2-4D23-BEA2-BD26B2CDC33C}.Debug|x86.Build.0 = Debug|Win32
		{DA4BB274-15D2-4D23-BEA2-BD26B2CDC33C}.Release|Any CPU.ActiveCfg = Release|Win32
		{DA4BB274-15D2-4D23-BEA2-BD26B2CDC33C}.Release|ARM.ActiveCfg = Release|Win32
		{DA4BB274-15D2-4D23-BEA2-BD26B2CDC33C}.Release|x64.ActiveCfg = Release|Win32
		{DA4BB274-15D2-4D23-BEA2-BD26B2CDC33C}.Release|x64.Build.0 = Release|x64
		{DA4BB274-15D2-4D23-BEA2-BD26B2CDC33C}.Release|x86.ActiveCfg = Release|Win32
		{DA4BB274-15D2-4D23-BEA2-BD26B2CDC33C}.Release|x86.Build.0 = Release|Win32
		{A80780C7-4929-4ACB-85D2-8A2ECD9A73C4}.Debug|Any CPU.ActiveCfg = Debug|Any CPU
		{A80780C7-4929-4ACB-85D2-8A2ECD9A73C4}.Debug|Any CPU.Build.0 = Debug|Any CPU
		{A80780C7-4929-4ACB-85D2-8A2ECD9A73C4}.Debug|ARM.ActiveCfg = Debug|Any CPU
		{A80780C7-4929-4ACB-85D2-8A2ECD9A73C4}.Debug|ARM.Build.0 = Debug|Any CPU
		{A80780C7-4929-4ACB-85D2-8A2ECD9A73C4}.Debug|x64.ActiveCfg = Debug|Any CPU
		{A80780C7-4929-4ACB-85D2-8A2ECD9A73C4}.Debug|x64.Build.0 = Debug|Any CPU
		{A80780C7-4929-4ACB-85D2-8A2ECD9A73C4}.Debug|x86.ActiveCfg = Debug|Any CPU
		{A80780C7-4929-4ACB-85D2-8A2ECD9A73C4}.Debug|x86.Build.0 = Debug|Any CPU
		{A80780C7-4929-4ACB-85D2-8A2ECD9A73C4}.Release|Any CPU.ActiveCfg = Release|Any CPU
		{A80780C7-4929-4ACB-85D2-8A2ECD9A73C4}.Release|Any CPU.Build.0 = Release|Any CPU
		{A80780C7-4929-4ACB-85D2-8A2ECD9A73C4}.Release|ARM.ActiveCfg = Release|Any CPU
		{A80780C7-4929-4ACB-85D2-8A2ECD9A73C4}.Release|ARM.Build.0 = Release|Any CPU
		{A80780C7-4929-4ACB-85D2-8A2ECD9A73C4}.Release|x64.ActiveCfg = Release|Any CPU
		{A80780C7-4929-4ACB-85D2-8A2ECD9A73C4}.Release|x64.Build.0 = Release|Any CPU
		{A80780C7-4929-4ACB-85D2-8A2ECD9A73C4}.Release|x86.ActiveCfg = Release|Any CPU
		{A80780C7-4929-4ACB-85D2-8A2ECD9A73C4}.Release|x86.Build.0 = Release|Any CPU
		{35230BFE-018B-492B-ACCF-714462701079}.Debug|Any CPU.ActiveCfg = Debug|Any CPU
		{35230BFE-018B-492B-ACCF-714462701079}.Debug|Any CPU.Build.0 = Debug|Any CPU
		{35230BFE-018B-492B-ACCF-714462701079}.Debug|ARM.ActiveCfg = Debug|Any CPU
		{35230BFE-018B-492B-ACCF-714462701079}.Debug|ARM.Build.0 = Debug|Any CPU
		{35230BFE-018B-492B-ACCF-714462701079}.Debug|x64.ActiveCfg = Debug|Any CPU
		{35230BFE-018B-492B-ACCF-714462701079}.Debug|x64.Build.0 = Debug|Any CPU
		{35230BFE-018B-492B-ACCF-714462701079}.Debug|x86.ActiveCfg = Debug|Any CPU
		{35230BFE-018B-492B-ACCF-714462701079}.Debug|x86.Build.0 = Debug|Any CPU
		{35230BFE-018B-492B-ACCF-714462701079}.Release|Any CPU.ActiveCfg = Release|Any CPU
		{35230BFE-018B-492B-ACCF-714462701079}.Release|Any CPU.Build.0 = Release|Any CPU
		{35230BFE-018B-492B-ACCF-714462701079}.Release|ARM.ActiveCfg = Release|Any CPU
		{35230BFE-018B-492B-ACCF-714462701079}.Release|ARM.Build.0 = Release|Any CPU
		{35230BFE-018B-492B-ACCF-714462701079}.Release|x64.ActiveCfg = Release|Any CPU
		{35230BFE-018B-492B-ACCF-714462701079}.Release|x64.Build.0 = Release|Any CPU
		{35230BFE-018B-492B-ACCF-714462701079}.Release|x86.ActiveCfg = Release|Any CPU
		{35230BFE-018B-492B-ACCF-714462701079}.Release|x86.Build.0 = Release|Any CPU
		{7EFB9A32-37E3-4575-A132-2069769B4E3C}.Debug|Any CPU.ActiveCfg = Debug|Any CPU
		{7EFB9A32-37E3-4575-A132-2069769B4E3C}.Debug|Any CPU.Build.0 = Debug|Any CPU
		{7EFB9A32-37E3-4575-A132-2069769B4E3C}.Debug|ARM.ActiveCfg = Debug|Any CPU
		{7EFB9A32-37E3-4575-A132-2069769B4E3C}.Debug|ARM.Build.0 = Debug|Any CPU
		{7EFB9A32-37E3-4575-A132-2069769B4E3C}.Debug|x64.ActiveCfg = Debug|Any CPU
		{7EFB9A32-37E3-4575-A132-2069769B4E3C}.Debug|x64.Build.0 = Debug|Any CPU
		{7EFB9A32-37E3-4575-A132-2069769B4E3C}.Debug|x86.ActiveCfg = Debug|Any CPU
		{7EFB9A32-37E3-4575-A132-2069769B4E3C}.Debug|x86.Build.0 = Debug|Any CPU
		{7EFB9A32-37E3-4575-A132-2069769B4E3C}.Release|Any CPU.ActiveCfg = Release|Any CPU
		{7EFB9A32-37E3-4575-A132-2069769B4E3C}.Release|Any CPU.Build.0 = Release|Any CPU
		{7EFB9A32-37E3-4575-A132-2069769B4E3C}.Release|ARM.ActiveCfg = Release|Any CPU
		{7EFB9A32-37E3-4575-A132-2069769B4E3C}.Release|ARM.Build.0 = Release|Any CPU
		{7EFB9A32-37E3-4575-A132-2069769B4E3C}.Release|x64.ActiveCfg = Release|Any CPU
		{7EFB9A32-37E3-4575-A132-2069769B4E3C}.Release|x64.Build.0 = Release|Any CPU
		{7EFB9A32-37E3-4575-A132-2069769B4E3C}.Release|x86.ActiveCfg = Release|Any CPU
		{7EFB9A32-37E3-4575-A132-2069769B4E3C}.Release|x86.Build.0 = Release|Any CPU
		{952C91F6-ABDB-4C6C-B4E8-9036FD5563B4}.Debug|Any CPU.ActiveCfg = Debug|Any CPU
		{952C91F6-ABDB-4C6C-B4E8-9036FD5563B4}.Debug|Any CPU.Build.0 = Debug|Any CPU
		{952C91F6-ABDB-4C6C-B4E8-9036FD5563B4}.Debug|ARM.ActiveCfg = Debug|Any CPU
		{952C91F6-ABDB-4C6C-B4E8-9036FD5563B4}.Debug|ARM.Build.0 = Debug|Any CPU
		{952C91F6-ABDB-4C6C-B4E8-9036FD5563B4}.Debug|x64.ActiveCfg = Debug|Any CPU
		{952C91F6-ABDB-4C6C-B4E8-9036FD5563B4}.Debug|x64.Build.0 = Debug|Any CPU
		{952C91F6-ABDB-4C6C-B4E8-9036FD5563B4}.Debug|x86.ActiveCfg = Debug|Any CPU
		{952C91F6-ABDB-4C6C-B4E8-9036FD5563B4}.Debug|x86.Build.0 = Debug|Any CPU
		{952C91F6-ABDB-4C6C-B4E8-9036FD5563B4}.Release|Any CPU.ActiveCfg = Release|Any CPU
		{952C91F6-ABDB-4C6C-B4E8-9036FD5563B4}.Release|Any CPU.Build.0 = Release|Any CPU
		{952C91F6-ABDB-4C6C-B4E8-9036FD5563B4}.Release|ARM.ActiveCfg = Release|Any CPU
		{952C91F6-ABDB-4C6C-B4E8-9036FD5563B4}.Release|ARM.Build.0 = Release|Any CPU
		{952C91F6-ABDB-4C6C-B4E8-9036FD5563B4}.Release|x64.ActiveCfg = Release|Any CPU
		{952C91F6-ABDB-4C6C-B4E8-9036FD5563B4}.Release|x64.Build.0 = Release|Any CPU
		{952C91F6-ABDB-4C6C-B4E8-9036FD5563B4}.Release|x86.ActiveCfg = Release|Any CPU
		{952C91F6-ABDB-4C6C-B4E8-9036FD5563B4}.Release|x86.Build.0 = Release|Any CPU
		{965AA5BF-2837-4280-9CD6-91177ADE2B2B}.Debug|Any CPU.ActiveCfg = Debug|Any CPU
		{965AA5BF-2837-4280-9CD6-91177ADE2B2B}.Debug|Any CPU.Build.0 = Debug|Any CPU
		{965AA5BF-2837-4280-9CD6-91177ADE2B2B}.Debug|ARM.ActiveCfg = Debug|Any CPU
		{965AA5BF-2837-4280-9CD6-91177ADE2B2B}.Debug|ARM.Build.0 = Debug|Any CPU
		{965AA5BF-2837-4280-9CD6-91177ADE2B2B}.Debug|x64.ActiveCfg = Debug|Any CPU
		{965AA5BF-2837-4280-9CD6-91177ADE2B2B}.Debug|x64.Build.0 = Debug|Any CPU
		{965AA5BF-2837-4280-9CD6-91177ADE2B2B}.Debug|x86.ActiveCfg = Debug|Any CPU
		{965AA5BF-2837-4280-9CD6-91177ADE2B2B}.Debug|x86.Build.0 = Debug|Any CPU
		{965AA5BF-2837-4280-9CD6-91177ADE2B2B}.Release|Any CPU.ActiveCfg = Release|Any CPU
		{965AA5BF-2837-4280-9CD6-91177ADE2B2B}.Release|Any CPU.Build.0 = Release|Any CPU
		{965AA5BF-2837-4280-9CD6-91177ADE2B2B}.Release|ARM.ActiveCfg = Release|Any CPU
		{965AA5BF-2837-4280-9CD6-91177ADE2B2B}.Release|ARM.Build.0 = Release|Any CPU
		{965AA5BF-2837-4280-9CD6-91177ADE2B2B}.Release|x64.ActiveCfg = Release|Any CPU
		{965AA5BF-2837-4280-9CD6-91177ADE2B2B}.Release|x64.Build.0 = Release|Any CPU
		{965AA5BF-2837-4280-9CD6-91177ADE2B2B}.Release|x86.ActiveCfg = Release|Any CPU
		{965AA5BF-2837-4280-9CD6-91177ADE2B2B}.Release|x86.Build.0 = Release|Any CPU
		{8D96B60C-86C9-4B9D-B01F-2830D8554203}.Debug|Any CPU.ActiveCfg = Debug|Any CPU
		{8D96B60C-86C9-4B9D-B01F-2830D8554203}.Debug|Any CPU.Build.0 = Debug|Any CPU
		{8D96B60C-86C9-4B9D-B01F-2830D8554203}.Debug|ARM.ActiveCfg = Debug|Any CPU
		{8D96B60C-86C9-4B9D-B01F-2830D8554203}.Debug|ARM.Build.0 = Debug|Any CPU
		{8D96B60C-86C9-4B9D-B01F-2830D8554203}.Debug|x64.ActiveCfg = Debug|Any CPU
		{8D96B60C-86C9-4B9D-B01F-2830D8554203}.Debug|x64.Build.0 = Debug|Any CPU
		{8D96B60C-86C9-4B9D-B01F-2830D8554203}.Debug|x86.ActiveCfg = Debug|Any CPU
		{8D96B60C-86C9-4B9D-B01F-2830D8554203}.Debug|x86.Build.0 = Debug|Any CPU
		{8D96B60C-86C9-4B9D-B01F-2830D8554203}.Release|Any CPU.ActiveCfg = Release|Any CPU
		{8D96B60C-86C9-4B9D-B01F-2830D8554203}.Release|Any CPU.Build.0 = Release|Any CPU
		{8D96B60C-86C9-4B9D-B01F-2830D8554203}.Release|ARM.ActiveCfg = Release|Any CPU
		{8D96B60C-86C9-4B9D-B01F-2830D8554203}.Release|ARM.Build.0 = Release|Any CPU
		{8D96B60C-86C9-4B9D-B01F-2830D8554203}.Release|x64.ActiveCfg = Release|Any CPU
		{8D96B60C-86C9-4B9D-B01F-2830D8554203}.Release|x64.Build.0 = Release|Any CPU
		{8D96B60C-86C9-4B9D-B01F-2830D8554203}.Release|x86.ActiveCfg = Release|Any CPU
		{8D96B60C-86C9-4B9D-B01F-2830D8554203}.Release|x86.Build.0 = Release|Any CPU
		{3586F533-6CCB-470C-96D5-6C3137F00E43}.Debug|Any CPU.ActiveCfg = Debug|Any CPU
		{3586F533-6CCB-470C-96D5-6C3137F00E43}.Debug|Any CPU.Build.0 = Debug|Any CPU
		{3586F533-6CCB-470C-96D5-6C3137F00E43}.Debug|ARM.ActiveCfg = Debug|Any CPU
		{3586F533-6CCB-470C-96D5-6C3137F00E43}.Debug|ARM.Build.0 = Debug|Any CPU
		{3586F533-6CCB-470C-96D5-6C3137F00E43}.Debug|x64.ActiveCfg = Debug|Any CPU
		{3586F533-6CCB-470C-96D5-6C3137F00E43}.Debug|x64.Build.0 = Debug|Any CPU
		{3586F533-6CCB-470C-96D5-6C3137F00E43}.Debug|x86.ActiveCfg = Debug|Any CPU
		{3586F533-6CCB-470C-96D5-6C3137F00E43}.Debug|x86.Build.0 = Debug|Any CPU
		{3586F533-6CCB-470C-96D5-6C3137F00E43}.Release|Any CPU.ActiveCfg = Release|Any CPU
		{3586F533-6CCB-470C-96D5-6C3137F00E43}.Release|Any CPU.Build.0 = Release|Any CPU
		{3586F533-6CCB-470C-96D5-6C3137F00E43}.Release|ARM.ActiveCfg = Release|Any CPU
		{3586F533-6CCB-470C-96D5-6C3137F00E43}.Release|ARM.Build.0 = Release|Any CPU
		{3586F533-6CCB-470C-96D5-6C3137F00E43}.Release|x64.ActiveCfg = Release|Any CPU
		{3586F533-6CCB-470C-96D5-6C3137F00E43}.Release|x64.Build.0 = Release|Any CPU
		{3586F533-6CCB-470C-96D5-6C3137F00E43}.Release|x86.ActiveCfg = Release|Any CPU
		{3586F533-6CCB-470C-96D5-6C3137F00E43}.Release|x86.Build.0 = Release|Any CPU
		{C6DF15F5-E263-41E0-8404-D00ACED88D8F}.Debug|Any CPU.ActiveCfg = Debug|Any CPU
		{C6DF15F5-E263-41E0-8404-D00ACED88D8F}.Debug|Any CPU.Build.0 = Debug|Any CPU
		{C6DF15F5-E263-41E0-8404-D00ACED88D8F}.Debug|ARM.ActiveCfg = Debug|Any CPU
		{C6DF15F5-E263-41E0-8404-D00ACED88D8F}.Debug|ARM.Build.0 = Debug|Any CPU
		{C6DF15F5-E263-41E0-8404-D00ACED88D8F}.Debug|x64.ActiveCfg = Debug|Any CPU
		{C6DF15F5-E263-41E0-8404-D00ACED88D8F}.Debug|x64.Build.0 = Debug|Any CPU
		{C6DF15F5-E263-41E0-8404-D00ACED88D8F}.Debug|x86.ActiveCfg = Debug|Any CPU
		{C6DF15F5-E263-41E0-8404-D00ACED88D8F}.Debug|x86.Build.0 = Debug|Any CPU
		{C6DF15F5-E263-41E0-8404-D00ACED88D8F}.Release|Any CPU.ActiveCfg = Release|Any CPU
		{C6DF15F5-E263-41E0-8404-D00ACED88D8F}.Release|Any CPU.Build.0 = Release|Any CPU
		{C6DF15F5-E263-41E0-8404-D00ACED88D8F}.Release|ARM.ActiveCfg = Release|Any CPU
		{C6DF15F5-E263-41E0-8404-D00ACED88D8F}.Release|ARM.Build.0 = Release|Any CPU
		{C6DF15F5-E263-41E0-8404-D00ACED88D8F}.Release|x64.ActiveCfg = Release|Any CPU
		{C6DF15F5-E263-41E0-8404-D00ACED88D8F}.Release|x64.Build.0 = Release|Any CPU
		{C6DF15F5-E263-41E0-8404-D00ACED88D8F}.Release|x86.ActiveCfg = Release|Any CPU
		{C6DF15F5-E263-41E0-8404-D00ACED88D8F}.Release|x86.Build.0 = Release|Any CPU
		{CD266A2F-B109-4AC5-B022-C82B05A39C8B}.Debug|Any CPU.ActiveCfg = Debug|Any CPU
		{CD266A2F-B109-4AC5-B022-C82B05A39C8B}.Debug|Any CPU.Build.0 = Debug|Any CPU
		{CD266A2F-B109-4AC5-B022-C82B05A39C8B}.Debug|ARM.ActiveCfg = Debug|Any CPU
		{CD266A2F-B109-4AC5-B022-C82B05A39C8B}.Debug|ARM.Build.0 = Debug|Any CPU
		{CD266A2F-B109-4AC5-B022-C82B05A39C8B}.Debug|x64.ActiveCfg = Debug|Any CPU
		{CD266A2F-B109-4AC5-B022-C82B05A39C8B}.Debug|x64.Build.0 = Debug|Any CPU
		{CD266A2F-B109-4AC5-B022-C82B05A39C8B}.Debug|x86.ActiveCfg = Debug|Any CPU
		{CD266A2F-B109-4AC5-B022-C82B05A39C8B}.Debug|x86.Build.0 = Debug|Any CPU
		{CD266A2F-B109-4AC5-B022-C82B05A39C8B}.Release|Any CPU.ActiveCfg = Release|Any CPU
		{CD266A2F-B109-4AC5-B022-C82B05A39C8B}.Release|Any CPU.Build.0 = Release|Any CPU
		{CD266A2F-B109-4AC5-B022-C82B05A39C8B}.Release|ARM.ActiveCfg = Release|Any CPU
		{CD266A2F-B109-4AC5-B022-C82B05A39C8B}.Release|ARM.Build.0 = Release|Any CPU
		{CD266A2F-B109-4AC5-B022-C82B05A39C8B}.Release|x64.ActiveCfg = Release|Any CPU
		{CD266A2F-B109-4AC5-B022-C82B05A39C8B}.Release|x64.Build.0 = Release|Any CPU
		{CD266A2F-B109-4AC5-B022-C82B05A39C8B}.Release|x86.ActiveCfg = Release|Any CPU
		{CD266A2F-B109-4AC5-B022-C82B05A39C8B}.Release|x86.Build.0 = Release|Any CPU
		{636481D7-326D-470A-8133-729452A6BFA5}.Debug|Any CPU.ActiveCfg = Debug|Any CPU
		{636481D7-326D-470A-8133-729452A6BFA5}.Debug|Any CPU.Build.0 = Debug|Any CPU
		{636481D7-326D-470A-8133-729452A6BFA5}.Debug|ARM.ActiveCfg = Debug|Any CPU
		{636481D7-326D-470A-8133-729452A6BFA5}.Debug|ARM.Build.0 = Debug|Any CPU
		{636481D7-326D-470A-8133-729452A6BFA5}.Debug|x64.ActiveCfg = Debug|Any CPU
		{636481D7-326D-470A-8133-729452A6BFA5}.Debug|x64.Build.0 = Debug|Any CPU
		{636481D7-326D-470A-8133-729452A6BFA5}.Debug|x86.ActiveCfg = Debug|Any CPU
		{636481D7-326D-470A-8133-729452A6BFA5}.Debug|x86.Build.0 = Debug|Any CPU
		{636481D7-326D-470A-8133-729452A6BFA5}.Release|Any CPU.ActiveCfg = Release|Any CPU
		{636481D7-326D-470A-8133-729452A6BFA5}.Release|Any CPU.Build.0 = Release|Any CPU
		{636481D7-326D-470A-8133-729452A6BFA5}.Release|ARM.ActiveCfg = Release|Any CPU
		{636481D7-326D-470A-8133-729452A6BFA5}.Release|ARM.Build.0 = Release|Any CPU
		{636481D7-326D-470A-8133-729452A6BFA5}.Release|x64.ActiveCfg = Release|Any CPU
		{636481D7-326D-470A-8133-729452A6BFA5}.Release|x64.Build.0 = Release|Any CPU
		{636481D7-326D-470A-8133-729452A6BFA5}.Release|x86.ActiveCfg = Release|Any CPU
		{636481D7-326D-470A-8133-729452A6BFA5}.Release|x86.Build.0 = Release|Any CPU
		{AC163228-BE3E-48A1-A6BA-D41A8E05C32C}.Debug|Any CPU.ActiveCfg = Debug|Any CPU
		{AC163228-BE3E-48A1-A6BA-D41A8E05C32C}.Debug|Any CPU.Build.0 = Debug|Any CPU
		{AC163228-BE3E-48A1-A6BA-D41A8E05C32C}.Debug|ARM.ActiveCfg = Debug|Any CPU
		{AC163228-BE3E-48A1-A6BA-D41A8E05C32C}.Debug|ARM.Build.0 = Debug|Any CPU
		{AC163228-BE3E-48A1-A6BA-D41A8E05C32C}.Debug|x64.ActiveCfg = Debug|Any CPU
		{AC163228-BE3E-48A1-A6BA-D41A8E05C32C}.Debug|x64.Build.0 = Debug|Any CPU
		{AC163228-BE3E-48A1-A6BA-D41A8E05C32C}.Debug|x86.ActiveCfg = Debug|Any CPU
		{AC163228-BE3E-48A1-A6BA-D41A8E05C32C}.Debug|x86.Build.0 = Debug|Any CPU
		{AC163228-BE3E-48A1-A6BA-D41A8E05C32C}.Release|Any CPU.ActiveCfg = Release|Any CPU
		{AC163228-BE3E-48A1-A6BA-D41A8E05C32C}.Release|Any CPU.Build.0 = Release|Any CPU
		{AC163228-BE3E-48A1-A6BA-D41A8E05C32C}.Release|ARM.ActiveCfg = Release|Any CPU
		{AC163228-BE3E-48A1-A6BA-D41A8E05C32C}.Release|ARM.Build.0 = Release|Any CPU
		{AC163228-BE3E-48A1-A6BA-D41A8E05C32C}.Release|x64.ActiveCfg = Release|Any CPU
		{AC163228-BE3E-48A1-A6BA-D41A8E05C32C}.Release|x64.Build.0 = Release|Any CPU
		{AC163228-BE3E-48A1-A6BA-D41A8E05C32C}.Release|x86.ActiveCfg = Release|Any CPU
		{AC163228-BE3E-48A1-A6BA-D41A8E05C32C}.Release|x86.Build.0 = Release|Any CPU
		{4E219196-5466-4D56-AEEB-19C59E501279}.Debug|Any CPU.ActiveCfg = Debug|Any CPU
		{4E219196-5466-4D56-AEEB-19C59E501279}.Debug|Any CPU.Build.0 = Debug|Any CPU
		{4E219196-5466-4D56-AEEB-19C59E501279}.Debug|ARM.ActiveCfg = Debug|Any CPU
		{4E219196-5466-4D56-AEEB-19C59E501279}.Debug|ARM.Build.0 = Debug|Any CPU
		{4E219196-5466-4D56-AEEB-19C59E501279}.Debug|x64.ActiveCfg = Debug|Any CPU
		{4E219196-5466-4D56-AEEB-19C59E501279}.Debug|x64.Build.0 = Debug|Any CPU
		{4E219196-5466-4D56-AEEB-19C59E501279}.Debug|x86.ActiveCfg = Debug|Any CPU
		{4E219196-5466-4D56-AEEB-19C59E501279}.Debug|x86.Build.0 = Debug|Any CPU
		{4E219196-5466-4D56-AEEB-19C59E501279}.Release|Any CPU.ActiveCfg = Release|Any CPU
		{4E219196-5466-4D56-AEEB-19C59E501279}.Release|Any CPU.Build.0 = Release|Any CPU
		{4E219196-5466-4D56-AEEB-19C59E501279}.Release|ARM.ActiveCfg = Release|Any CPU
		{4E219196-5466-4D56-AEEB-19C59E501279}.Release|ARM.Build.0 = Release|Any CPU
		{4E219196-5466-4D56-AEEB-19C59E501279}.Release|x64.ActiveCfg = Release|Any CPU
		{4E219196-5466-4D56-AEEB-19C59E501279}.Release|x64.Build.0 = Release|Any CPU
		{4E219196-5466-4D56-AEEB-19C59E501279}.Release|x86.ActiveCfg = Release|Any CPU
		{4E219196-5466-4D56-AEEB-19C59E501279}.Release|x86.Build.0 = Release|Any CPU
		{538D8C81-8A59-4C85-B934-C44CC204CB65}.Debug|Any CPU.ActiveCfg = Debug|Any CPU
		{538D8C81-8A59-4C85-B934-C44CC204CB65}.Debug|Any CPU.Build.0 = Debug|Any CPU
		{538D8C81-8A59-4C85-B934-C44CC204CB65}.Debug|ARM.ActiveCfg = Debug|Any CPU
		{538D8C81-8A59-4C85-B934-C44CC204CB65}.Debug|ARM.Build.0 = Debug|Any CPU
		{538D8C81-8A59-4C85-B934-C44CC204CB65}.Debug|x64.ActiveCfg = Debug|Any CPU
		{538D8C81-8A59-4C85-B934-C44CC204CB65}.Debug|x64.Build.0 = Debug|Any CPU
		{538D8C81-8A59-4C85-B934-C44CC204CB65}.Debug|x86.ActiveCfg = Debug|Any CPU
		{538D8C81-8A59-4C85-B934-C44CC204CB65}.Debug|x86.Build.0 = Debug|Any CPU
		{538D8C81-8A59-4C85-B934-C44CC204CB65}.Release|Any CPU.ActiveCfg = Release|Any CPU
		{538D8C81-8A59-4C85-B934-C44CC204CB65}.Release|Any CPU.Build.0 = Release|Any CPU
		{538D8C81-8A59-4C85-B934-C44CC204CB65}.Release|ARM.ActiveCfg = Release|Any CPU
		{538D8C81-8A59-4C85-B934-C44CC204CB65}.Release|ARM.Build.0 = Release|Any CPU
		{538D8C81-8A59-4C85-B934-C44CC204CB65}.Release|x64.ActiveCfg = Release|Any CPU
		{538D8C81-8A59-4C85-B934-C44CC204CB65}.Release|x64.Build.0 = Release|Any CPU
		{538D8C81-8A59-4C85-B934-C44CC204CB65}.Release|x86.ActiveCfg = Release|Any CPU
		{538D8C81-8A59-4C85-B934-C44CC204CB65}.Release|x86.Build.0 = Release|Any CPU
		{0B36B769-FF25-41A7-A816-4D1BEE392057}.Debug|Any CPU.ActiveCfg = Debug|Any CPU
		{0B36B769-FF25-41A7-A816-4D1BEE392057}.Debug|Any CPU.Build.0 = Debug|Any CPU
		{0B36B769-FF25-41A7-A816-4D1BEE392057}.Debug|ARM.ActiveCfg = Debug|Any CPU
		{0B36B769-FF25-41A7-A816-4D1BEE392057}.Debug|ARM.Build.0 = Debug|Any CPU
		{0B36B769-FF25-41A7-A816-4D1BEE392057}.Debug|x64.ActiveCfg = Debug|Any CPU
		{0B36B769-FF25-41A7-A816-4D1BEE392057}.Debug|x64.Build.0 = Debug|Any CPU
		{0B36B769-FF25-41A7-A816-4D1BEE392057}.Debug|x86.ActiveCfg = Debug|Any CPU
		{0B36B769-FF25-41A7-A816-4D1BEE392057}.Debug|x86.Build.0 = Debug|Any CPU
		{0B36B769-FF25-41A7-A816-4D1BEE392057}.Release|Any CPU.ActiveCfg = Release|Any CPU
		{0B36B769-FF25-41A7-A816-4D1BEE392057}.Release|Any CPU.Build.0 = Release|Any CPU
		{0B36B769-FF25-41A7-A816-4D1BEE392057}.Release|ARM.ActiveCfg = Release|Any CPU
		{0B36B769-FF25-41A7-A816-4D1BEE392057}.Release|ARM.Build.0 = Release|Any CPU
		{0B36B769-FF25-41A7-A816-4D1BEE392057}.Release|x64.ActiveCfg = Release|Any CPU
		{0B36B769-FF25-41A7-A816-4D1BEE392057}.Release|x64.Build.0 = Release|Any CPU
		{0B36B769-FF25-41A7-A816-4D1BEE392057}.Release|x86.ActiveCfg = Release|Any CPU
		{0B36B769-FF25-41A7-A816-4D1BEE392057}.Release|x86.Build.0 = Release|Any CPU
		{42F07156-F528-41ED-877D-4EF99DCD4D54}.Debug|Any CPU.ActiveCfg = Debug|Any CPU
		{42F07156-F528-41ED-877D-4EF99DCD4D54}.Debug|Any CPU.Build.0 = Debug|Any CPU
		{42F07156-F528-41ED-877D-4EF99DCD4D54}.Debug|ARM.ActiveCfg = Debug|Any CPU
		{42F07156-F528-41ED-877D-4EF99DCD4D54}.Debug|ARM.Build.0 = Debug|Any CPU
		{42F07156-F528-41ED-877D-4EF99DCD4D54}.Debug|x64.ActiveCfg = Debug|Any CPU
		{42F07156-F528-41ED-877D-4EF99DCD4D54}.Debug|x64.Build.0 = Debug|Any CPU
		{42F07156-F528-41ED-877D-4EF99DCD4D54}.Debug|x86.ActiveCfg = Debug|Any CPU
		{42F07156-F528-41ED-877D-4EF99DCD4D54}.Debug|x86.Build.0 = Debug|Any CPU
		{42F07156-F528-41ED-877D-4EF99DCD4D54}.Release|Any CPU.ActiveCfg = Release|Any CPU
		{42F07156-F528-41ED-877D-4EF99DCD4D54}.Release|Any CPU.Build.0 = Release|Any CPU
		{42F07156-F528-41ED-877D-4EF99DCD4D54}.Release|ARM.ActiveCfg = Release|Any CPU
		{42F07156-F528-41ED-877D-4EF99DCD4D54}.Release|ARM.Build.0 = Release|Any CPU
		{42F07156-F528-41ED-877D-4EF99DCD4D54}.Release|x64.ActiveCfg = Release|Any CPU
		{42F07156-F528-41ED-877D-4EF99DCD4D54}.Release|x64.Build.0 = Release|Any CPU
		{42F07156-F528-41ED-877D-4EF99DCD4D54}.Release|x86.ActiveCfg = Release|Any CPU
		{42F07156-F528-41ED-877D-4EF99DCD4D54}.Release|x86.Build.0 = Release|Any CPU
		{C01C4911-58D4-4F6C-B484-FE0FF5D17453}.Debug|Any CPU.ActiveCfg = Debug|Any CPU
		{C01C4911-58D4-4F6C-B484-FE0FF5D17453}.Debug|Any CPU.Build.0 = Debug|Any CPU
		{C01C4911-58D4-4F6C-B484-FE0FF5D17453}.Debug|ARM.ActiveCfg = Debug|Any CPU
		{C01C4911-58D4-4F6C-B484-FE0FF5D17453}.Debug|ARM.Build.0 = Debug|Any CPU
		{C01C4911-58D4-4F6C-B484-FE0FF5D17453}.Debug|x64.ActiveCfg = Debug|Any CPU
		{C01C4911-58D4-4F6C-B484-FE0FF5D17453}.Debug|x64.Build.0 = Debug|Any CPU
		{C01C4911-58D4-4F6C-B484-FE0FF5D17453}.Debug|x86.ActiveCfg = Debug|Any CPU
		{C01C4911-58D4-4F6C-B484-FE0FF5D17453}.Debug|x86.Build.0 = Debug|Any CPU
		{C01C4911-58D4-4F6C-B484-FE0FF5D17453}.Release|Any CPU.ActiveCfg = Release|Any CPU
		{C01C4911-58D4-4F6C-B484-FE0FF5D17453}.Release|Any CPU.Build.0 = Release|Any CPU
		{C01C4911-58D4-4F6C-B484-FE0FF5D17453}.Release|ARM.ActiveCfg = Release|Any CPU
		{C01C4911-58D4-4F6C-B484-FE0FF5D17453}.Release|ARM.Build.0 = Release|Any CPU
		{C01C4911-58D4-4F6C-B484-FE0FF5D17453}.Release|x64.ActiveCfg = Release|Any CPU
		{C01C4911-58D4-4F6C-B484-FE0FF5D17453}.Release|x64.Build.0 = Release|Any CPU
		{C01C4911-58D4-4F6C-B484-FE0FF5D17453}.Release|x86.ActiveCfg = Release|Any CPU
		{C01C4911-58D4-4F6C-B484-FE0FF5D17453}.Release|x86.Build.0 = Release|Any CPU
		{909DE05A-96B1-4580-B85C-3599D1BF9EC0}.Debug|Any CPU.ActiveCfg = Debug|Any CPU
		{909DE05A-96B1-4580-B85C-3599D1BF9EC0}.Debug|Any CPU.Build.0 = Debug|Any CPU
		{909DE05A-96B1-4580-B85C-3599D1BF9EC0}.Debug|ARM.ActiveCfg = Debug|Any CPU
		{909DE05A-96B1-4580-B85C-3599D1BF9EC0}.Debug|ARM.Build.0 = Debug|Any CPU
		{909DE05A-96B1-4580-B85C-3599D1BF9EC0}.Debug|x64.ActiveCfg = Debug|Any CPU
		{909DE05A-96B1-4580-B85C-3599D1BF9EC0}.Debug|x64.Build.0 = Debug|Any CPU
		{909DE05A-96B1-4580-B85C-3599D1BF9EC0}.Debug|x86.ActiveCfg = Debug|Any CPU
		{909DE05A-96B1-4580-B85C-3599D1BF9EC0}.Debug|x86.Build.0 = Debug|Any CPU
		{909DE05A-96B1-4580-B85C-3599D1BF9EC0}.Release|Any CPU.ActiveCfg = Release|Any CPU
		{909DE05A-96B1-4580-B85C-3599D1BF9EC0}.Release|Any CPU.Build.0 = Release|Any CPU
		{909DE05A-96B1-4580-B85C-3599D1BF9EC0}.Release|ARM.ActiveCfg = Release|Any CPU
		{909DE05A-96B1-4580-B85C-3599D1BF9EC0}.Release|ARM.Build.0 = Release|Any CPU
		{909DE05A-96B1-4580-B85C-3599D1BF9EC0}.Release|x64.ActiveCfg = Release|Any CPU
		{909DE05A-96B1-4580-B85C-3599D1BF9EC0}.Release|x64.Build.0 = Release|Any CPU
		{909DE05A-96B1-4580-B85C-3599D1BF9EC0}.Release|x86.ActiveCfg = Release|Any CPU
		{909DE05A-96B1-4580-B85C-3599D1BF9EC0}.Release|x86.Build.0 = Release|Any CPU
		{0BABECCB-8637-4F79-AF7E-03405D229095}.Debug|Any CPU.ActiveCfg = Debug|Any CPU
		{0BABECCB-8637-4F79-AF7E-03405D229095}.Debug|Any CPU.Build.0 = Debug|Any CPU
		{0BABECCB-8637-4F79-AF7E-03405D229095}.Debug|ARM.ActiveCfg = Debug|Any CPU
		{0BABECCB-8637-4F79-AF7E-03405D229095}.Debug|ARM.Build.0 = Debug|Any CPU
		{0BABECCB-8637-4F79-AF7E-03405D229095}.Debug|x64.ActiveCfg = Debug|Any CPU
		{0BABECCB-8637-4F79-AF7E-03405D229095}.Debug|x64.Build.0 = Debug|Any CPU
		{0BABECCB-8637-4F79-AF7E-03405D229095}.Debug|x86.ActiveCfg = Debug|Any CPU
		{0BABECCB-8637-4F79-AF7E-03405D229095}.Debug|x86.Build.0 = Debug|Any CPU
		{0BABECCB-8637-4F79-AF7E-03405D229095}.Release|Any CPU.ActiveCfg = Release|Any CPU
		{0BABECCB-8637-4F79-AF7E-03405D229095}.Release|Any CPU.Build.0 = Release|Any CPU
		{0BABECCB-8637-4F79-AF7E-03405D229095}.Release|ARM.ActiveCfg = Release|Any CPU
		{0BABECCB-8637-4F79-AF7E-03405D229095}.Release|ARM.Build.0 = Release|Any CPU
		{0BABECCB-8637-4F79-AF7E-03405D229095}.Release|x64.ActiveCfg = Release|Any CPU
		{0BABECCB-8637-4F79-AF7E-03405D229095}.Release|x64.Build.0 = Release|Any CPU
		{0BABECCB-8637-4F79-AF7E-03405D229095}.Release|x86.ActiveCfg = Release|Any CPU
		{0BABECCB-8637-4F79-AF7E-03405D229095}.Release|x86.Build.0 = Release|Any CPU
		{D32081A7-F10E-4A2E-AA7B-5B893F877FD0}.Debug|Any CPU.ActiveCfg = Debug|Any CPU
		{D32081A7-F10E-4A2E-AA7B-5B893F877FD0}.Debug|Any CPU.Build.0 = Debug|Any CPU
		{D32081A7-F10E-4A2E-AA7B-5B893F877FD0}.Debug|ARM.ActiveCfg = Debug|Any CPU
		{D32081A7-F10E-4A2E-AA7B-5B893F877FD0}.Debug|ARM.Build.0 = Debug|Any CPU
		{D32081A7-F10E-4A2E-AA7B-5B893F877FD0}.Debug|x64.ActiveCfg = Debug|Any CPU
		{D32081A7-F10E-4A2E-AA7B-5B893F877FD0}.Debug|x64.Build.0 = Debug|Any CPU
		{D32081A7-F10E-4A2E-AA7B-5B893F877FD0}.Debug|x86.ActiveCfg = Debug|Any CPU
		{D32081A7-F10E-4A2E-AA7B-5B893F877FD0}.Debug|x86.Build.0 = Debug|Any CPU
		{D32081A7-F10E-4A2E-AA7B-5B893F877FD0}.Release|Any CPU.ActiveCfg = Release|Any CPU
		{D32081A7-F10E-4A2E-AA7B-5B893F877FD0}.Release|Any CPU.Build.0 = Release|Any CPU
		{D32081A7-F10E-4A2E-AA7B-5B893F877FD0}.Release|ARM.ActiveCfg = Release|Any CPU
		{D32081A7-F10E-4A2E-AA7B-5B893F877FD0}.Release|ARM.Build.0 = Release|Any CPU
		{D32081A7-F10E-4A2E-AA7B-5B893F877FD0}.Release|x64.ActiveCfg = Release|Any CPU
		{D32081A7-F10E-4A2E-AA7B-5B893F877FD0}.Release|x64.Build.0 = Release|Any CPU
		{D32081A7-F10E-4A2E-AA7B-5B893F877FD0}.Release|x86.ActiveCfg = Release|Any CPU
		{D32081A7-F10E-4A2E-AA7B-5B893F877FD0}.Release|x86.Build.0 = Release|Any CPU
		{4A1DD8D5-6224-4CDA-B5D7-F2A4C26D980A}.Debug|Any CPU.ActiveCfg = Debug|Any CPU
		{4A1DD8D5-6224-4CDA-B5D7-F2A4C26D980A}.Debug|Any CPU.Build.0 = Debug|Any CPU
		{4A1DD8D5-6224-4CDA-B5D7-F2A4C26D980A}.Debug|ARM.ActiveCfg = Debug|Any CPU
		{4A1DD8D5-6224-4CDA-B5D7-F2A4C26D980A}.Debug|ARM.Build.0 = Debug|Any CPU
		{4A1DD8D5-6224-4CDA-B5D7-F2A4C26D980A}.Debug|x64.ActiveCfg = Debug|Any CPU
		{4A1DD8D5-6224-4CDA-B5D7-F2A4C26D980A}.Debug|x64.Build.0 = Debug|Any CPU
		{4A1DD8D5-6224-4CDA-B5D7-F2A4C26D980A}.Debug|x86.ActiveCfg = Debug|Any CPU
		{4A1DD8D5-6224-4CDA-B5D7-F2A4C26D980A}.Debug|x86.Build.0 = Debug|Any CPU
		{4A1DD8D5-6224-4CDA-B5D7-F2A4C26D980A}.Release|Any CPU.ActiveCfg = Release|Any CPU
		{4A1DD8D5-6224-4CDA-B5D7-F2A4C26D980A}.Release|Any CPU.Build.0 = Release|Any CPU
		{4A1DD8D5-6224-4CDA-B5D7-F2A4C26D980A}.Release|ARM.ActiveCfg = Release|Any CPU
		{4A1DD8D5-6224-4CDA-B5D7-F2A4C26D980A}.Release|ARM.Build.0 = Release|Any CPU
		{4A1DD8D5-6224-4CDA-B5D7-F2A4C26D980A}.Release|x64.ActiveCfg = Release|Any CPU
		{4A1DD8D5-6224-4CDA-B5D7-F2A4C26D980A}.Release|x64.Build.0 = Release|Any CPU
		{4A1DD8D5-6224-4CDA-B5D7-F2A4C26D980A}.Release|x86.ActiveCfg = Release|Any CPU
		{4A1DD8D5-6224-4CDA-B5D7-F2A4C26D980A}.Release|x86.Build.0 = Release|Any CPU
		{D8FCE9BE-E7AE-4564-B17E-92D91DE540BA}.Debug|Any CPU.ActiveCfg = Debug|Any CPU
		{D8FCE9BE-E7AE-4564-B17E-92D91DE540BA}.Debug|Any CPU.Build.0 = Debug|Any CPU
		{D8FCE9BE-E7AE-4564-B17E-92D91DE540BA}.Debug|ARM.ActiveCfg = Debug|Any CPU
		{D8FCE9BE-E7AE-4564-B17E-92D91DE540BA}.Debug|ARM.Build.0 = Debug|Any CPU
		{D8FCE9BE-E7AE-4564-B17E-92D91DE540BA}.Debug|x64.ActiveCfg = Debug|Any CPU
		{D8FCE9BE-E7AE-4564-B17E-92D91DE540BA}.Debug|x64.Build.0 = Debug|Any CPU
		{D8FCE9BE-E7AE-4564-B17E-92D91DE540BA}.Debug|x86.ActiveCfg = Debug|Any CPU
		{D8FCE9BE-E7AE-4564-B17E-92D91DE540BA}.Debug|x86.Build.0 = Debug|Any CPU
		{D8FCE9BE-E7AE-4564-B17E-92D91DE540BA}.Release|Any CPU.ActiveCfg = Release|Any CPU
		{D8FCE9BE-E7AE-4564-B17E-92D91DE540BA}.Release|Any CPU.Build.0 = Release|Any CPU
		{D8FCE9BE-E7AE-4564-B17E-92D91DE540BA}.Release|ARM.ActiveCfg = Release|Any CPU
		{D8FCE9BE-E7AE-4564-B17E-92D91DE540BA}.Release|ARM.Build.0 = Release|Any CPU
		{D8FCE9BE-E7AE-4564-B17E-92D91DE540BA}.Release|x64.ActiveCfg = Release|Any CPU
		{D8FCE9BE-E7AE-4564-B17E-92D91DE540BA}.Release|x64.Build.0 = Release|Any CPU
		{D8FCE9BE-E7AE-4564-B17E-92D91DE540BA}.Release|x86.ActiveCfg = Release|Any CPU
		{D8FCE9BE-E7AE-4564-B17E-92D91DE540BA}.Release|x86.Build.0 = Release|Any CPU
		{32789A82-8818-46AD-A082-81922F65F3F5}.Debug|Any CPU.ActiveCfg = Debug|Any CPU
		{32789A82-8818-46AD-A082-81922F65F3F5}.Debug|Any CPU.Build.0 = Debug|Any CPU
		{32789A82-8818-46AD-A082-81922F65F3F5}.Debug|ARM.ActiveCfg = Debug|Any CPU
		{32789A82-8818-46AD-A082-81922F65F3F5}.Debug|ARM.Build.0 = Debug|Any CPU
		{32789A82-8818-46AD-A082-81922F65F3F5}.Debug|x64.ActiveCfg = Debug|Any CPU
		{32789A82-8818-46AD-A082-81922F65F3F5}.Debug|x64.Build.0 = Debug|Any CPU
		{32789A82-8818-46AD-A082-81922F65F3F5}.Debug|x86.ActiveCfg = Debug|Any CPU
		{32789A82-8818-46AD-A082-81922F65F3F5}.Debug|x86.Build.0 = Debug|Any CPU
		{32789A82-8818-46AD-A082-81922F65F3F5}.Release|Any CPU.ActiveCfg = Release|Any CPU
		{32789A82-8818-46AD-A082-81922F65F3F5}.Release|Any CPU.Build.0 = Release|Any CPU
		{32789A82-8818-46AD-A082-81922F65F3F5}.Release|ARM.ActiveCfg = Release|Any CPU
		{32789A82-8818-46AD-A082-81922F65F3F5}.Release|ARM.Build.0 = Release|Any CPU
		{32789A82-8818-46AD-A082-81922F65F3F5}.Release|x64.ActiveCfg = Release|Any CPU
		{32789A82-8818-46AD-A082-81922F65F3F5}.Release|x64.Build.0 = Release|Any CPU
		{32789A82-8818-46AD-A082-81922F65F3F5}.Release|x86.ActiveCfg = Release|Any CPU
		{32789A82-8818-46AD-A082-81922F65F3F5}.Release|x86.Build.0 = Release|Any CPU
		{3B08269C-5B4C-42A2-AC40-453D0B8C7902}.Debug|Any CPU.ActiveCfg = Debug|Any CPU
		{3B08269C-5B4C-42A2-AC40-453D0B8C7902}.Debug|Any CPU.Build.0 = Debug|Any CPU
		{3B08269C-5B4C-42A2-AC40-453D0B8C7902}.Debug|ARM.ActiveCfg = Debug|Any CPU
		{3B08269C-5B4C-42A2-AC40-453D0B8C7902}.Debug|ARM.Build.0 = Debug|Any CPU
		{3B08269C-5B4C-42A2-AC40-453D0B8C7902}.Debug|x64.ActiveCfg = Debug|Any CPU
		{3B08269C-5B4C-42A2-AC40-453D0B8C7902}.Debug|x64.Build.0 = Debug|Any CPU
		{3B08269C-5B4C-42A2-AC40-453D0B8C7902}.Debug|x86.ActiveCfg = Debug|Any CPU
		{3B08269C-5B4C-42A2-AC40-453D0B8C7902}.Debug|x86.Build.0 = Debug|Any CPU
		{3B08269C-5B4C-42A2-AC40-453D0B8C7902}.Release|Any CPU.ActiveCfg = Release|Any CPU
		{3B08269C-5B4C-42A2-AC40-453D0B8C7902}.Release|Any CPU.Build.0 = Release|Any CPU
		{3B08269C-5B4C-42A2-AC40-453D0B8C7902}.Release|ARM.ActiveCfg = Release|Any CPU
		{3B08269C-5B4C-42A2-AC40-453D0B8C7902}.Release|ARM.Build.0 = Release|Any CPU
		{3B08269C-5B4C-42A2-AC40-453D0B8C7902}.Release|x64.ActiveCfg = Release|Any CPU
		{3B08269C-5B4C-42A2-AC40-453D0B8C7902}.Release|x64.Build.0 = Release|Any CPU
		{3B08269C-5B4C-42A2-AC40-453D0B8C7902}.Release|x86.ActiveCfg = Release|Any CPU
		{3B08269C-5B4C-42A2-AC40-453D0B8C7902}.Release|x86.Build.0 = Release|Any CPU
		{179F9DE7-C6D4-41D6-980D-5FBFC6C9F5A7}.Debug|Any CPU.ActiveCfg = Debug|Any CPU
		{179F9DE7-C6D4-41D6-980D-5FBFC6C9F5A7}.Debug|Any CPU.Build.0 = Debug|Any CPU
		{179F9DE7-C6D4-41D6-980D-5FBFC6C9F5A7}.Debug|ARM.ActiveCfg = Debug|Any CPU
		{179F9DE7-C6D4-41D6-980D-5FBFC6C9F5A7}.Debug|ARM.Build.0 = Debug|Any CPU
		{179F9DE7-C6D4-41D6-980D-5FBFC6C9F5A7}.Debug|x64.ActiveCfg = Debug|Any CPU
		{179F9DE7-C6D4-41D6-980D-5FBFC6C9F5A7}.Debug|x64.Build.0 = Debug|Any CPU
		{179F9DE7-C6D4-41D6-980D-5FBFC6C9F5A7}.Debug|x86.ActiveCfg = Debug|Any CPU
		{179F9DE7-C6D4-41D6-980D-5FBFC6C9F5A7}.Debug|x86.Build.0 = Debug|Any CPU
		{179F9DE7-C6D4-41D6-980D-5FBFC6C9F5A7}.Release|Any CPU.ActiveCfg = Release|Any CPU
		{179F9DE7-C6D4-41D6-980D-5FBFC6C9F5A7}.Release|Any CPU.Build.0 = Release|Any CPU
		{179F9DE7-C6D4-41D6-980D-5FBFC6C9F5A7}.Release|ARM.ActiveCfg = Release|Any CPU
		{179F9DE7-C6D4-41D6-980D-5FBFC6C9F5A7}.Release|ARM.Build.0 = Release|Any CPU
		{179F9DE7-C6D4-41D6-980D-5FBFC6C9F5A7}.Release|x64.ActiveCfg = Release|Any CPU
		{179F9DE7-C6D4-41D6-980D-5FBFC6C9F5A7}.Release|x64.Build.0 = Release|Any CPU
		{179F9DE7-C6D4-41D6-980D-5FBFC6C9F5A7}.Release|x86.ActiveCfg = Release|Any CPU
		{179F9DE7-C6D4-41D6-980D-5FBFC6C9F5A7}.Release|x86.Build.0 = Release|Any CPU
		{9B226889-A852-4F53-9E2C-EBC527948555}.Debug|Any CPU.ActiveCfg = Debug|Any CPU
		{9B226889-A852-4F53-9E2C-EBC527948555}.Debug|Any CPU.Build.0 = Debug|Any CPU
		{9B226889-A852-4F53-9E2C-EBC527948555}.Debug|ARM.ActiveCfg = Debug|Any CPU
		{9B226889-A852-4F53-9E2C-EBC527948555}.Debug|ARM.Build.0 = Debug|Any CPU
		{9B226889-A852-4F53-9E2C-EBC527948555}.Debug|x64.ActiveCfg = Debug|Any CPU
		{9B226889-A852-4F53-9E2C-EBC527948555}.Debug|x64.Build.0 = Debug|Any CPU
		{9B226889-A852-4F53-9E2C-EBC527948555}.Debug|x86.ActiveCfg = Debug|Any CPU
		{9B226889-A852-4F53-9E2C-EBC527948555}.Debug|x86.Build.0 = Debug|Any CPU
		{9B226889-A852-4F53-9E2C-EBC527948555}.Release|Any CPU.ActiveCfg = Release|Any CPU
		{9B226889-A852-4F53-9E2C-EBC527948555}.Release|Any CPU.Build.0 = Release|Any CPU
		{9B226889-A852-4F53-9E2C-EBC527948555}.Release|ARM.ActiveCfg = Release|Any CPU
		{9B226889-A852-4F53-9E2C-EBC527948555}.Release|ARM.Build.0 = Release|Any CPU
		{9B226889-A852-4F53-9E2C-EBC527948555}.Release|x64.ActiveCfg = Release|Any CPU
		{9B226889-A852-4F53-9E2C-EBC527948555}.Release|x64.Build.0 = Release|Any CPU
		{9B226889-A852-4F53-9E2C-EBC527948555}.Release|x86.ActiveCfg = Release|Any CPU
		{9B226889-A852-4F53-9E2C-EBC527948555}.Release|x86.Build.0 = Release|Any CPU
		{0D97A1D6-1131-4DA5-8464-02822C460D19}.Debug|Any CPU.ActiveCfg = Debug|Any CPU
		{0D97A1D6-1131-4DA5-8464-02822C460D19}.Debug|Any CPU.Build.0 = Debug|Any CPU
		{0D97A1D6-1131-4DA5-8464-02822C460D19}.Debug|ARM.ActiveCfg = Debug|Any CPU
		{0D97A1D6-1131-4DA5-8464-02822C460D19}.Debug|x64.ActiveCfg = Debug|Any CPU
		{0D97A1D6-1131-4DA5-8464-02822C460D19}.Debug|x64.Build.0 = Debug|Any CPU
		{0D97A1D6-1131-4DA5-8464-02822C460D19}.Debug|x86.ActiveCfg = Debug|Any CPU
		{0D97A1D6-1131-4DA5-8464-02822C460D19}.Debug|x86.Build.0 = Debug|Any CPU
		{0D97A1D6-1131-4DA5-8464-02822C460D19}.Release|Any CPU.ActiveCfg = Release|Any CPU
		{0D97A1D6-1131-4DA5-8464-02822C460D19}.Release|Any CPU.Build.0 = Release|Any CPU
		{0D97A1D6-1131-4DA5-8464-02822C460D19}.Release|ARM.ActiveCfg = Release|Any CPU
		{0D97A1D6-1131-4DA5-8464-02822C460D19}.Release|x64.ActiveCfg = Release|Any CPU
		{0D97A1D6-1131-4DA5-8464-02822C460D19}.Release|x64.Build.0 = Release|Any CPU
		{0D97A1D6-1131-4DA5-8464-02822C460D19}.Release|x86.ActiveCfg = Release|Any CPU
		{0D97A1D6-1131-4DA5-8464-02822C460D19}.Release|x86.Build.0 = Release|Any CPU
		{65F129A7-45A6-4641-8CFA-E6CF5914FBF9}.Debug|Any CPU.ActiveCfg = Debug|Any CPU
		{65F129A7-45A6-4641-8CFA-E6CF5914FBF9}.Debug|Any CPU.Build.0 = Debug|Any CPU
		{65F129A7-45A6-4641-8CFA-E6CF5914FBF9}.Debug|ARM.ActiveCfg = Debug|Any CPU
		{65F129A7-45A6-4641-8CFA-E6CF5914FBF9}.Debug|ARM.Build.0 = Debug|Any CPU
		{65F129A7-45A6-4641-8CFA-E6CF5914FBF9}.Debug|x64.ActiveCfg = Debug|Any CPU
		{65F129A7-45A6-4641-8CFA-E6CF5914FBF9}.Debug|x64.Build.0 = Debug|Any CPU
		{65F129A7-45A6-4641-8CFA-E6CF5914FBF9}.Debug|x86.ActiveCfg = Debug|Any CPU
		{65F129A7-45A6-4641-8CFA-E6CF5914FBF9}.Debug|x86.Build.0 = Debug|Any CPU
		{65F129A7-45A6-4641-8CFA-E6CF5914FBF9}.Release|Any CPU.ActiveCfg = Release|Any CPU
		{65F129A7-45A6-4641-8CFA-E6CF5914FBF9}.Release|Any CPU.Build.0 = Release|Any CPU
		{65F129A7-45A6-4641-8CFA-E6CF5914FBF9}.Release|ARM.ActiveCfg = Release|Any CPU
		{65F129A7-45A6-4641-8CFA-E6CF5914FBF9}.Release|ARM.Build.0 = Release|Any CPU
		{65F129A7-45A6-4641-8CFA-E6CF5914FBF9}.Release|x64.ActiveCfg = Release|Any CPU
		{65F129A7-45A6-4641-8CFA-E6CF5914FBF9}.Release|x64.Build.0 = Release|Any CPU
		{65F129A7-45A6-4641-8CFA-E6CF5914FBF9}.Release|x86.ActiveCfg = Release|Any CPU
		{65F129A7-45A6-4641-8CFA-E6CF5914FBF9}.Release|x86.Build.0 = Release|Any CPU
		{625331B5-1917-4A90-AD95-380584BF0228}.Debug|Any CPU.ActiveCfg = Debug|Win32
		{625331B5-1917-4A90-AD95-380584BF0228}.Debug|ARM.ActiveCfg = Debug|Win32
		{625331B5-1917-4A90-AD95-380584BF0228}.Debug|x64.ActiveCfg = Debug|Win32
		{625331B5-1917-4A90-AD95-380584BF0228}.Debug|x64.Build.0 = Debug|x64
		{625331B5-1917-4A90-AD95-380584BF0228}.Debug|x86.ActiveCfg = Debug|Win32
		{625331B5-1917-4A90-AD95-380584BF0228}.Debug|x86.Build.0 = Debug|Win32
		{625331B5-1917-4A90-AD95-380584BF0228}.Release|Any CPU.ActiveCfg = Release|Win32
		{625331B5-1917-4A90-AD95-380584BF0228}.Release|ARM.ActiveCfg = Release|Win32
		{625331B5-1917-4A90-AD95-380584BF0228}.Release|x64.ActiveCfg = Release|Win32
		{625331B5-1917-4A90-AD95-380584BF0228}.Release|x64.Build.0 = Release|x64
		{625331B5-1917-4A90-AD95-380584BF0228}.Release|x86.ActiveCfg = Release|Win32
		{625331B5-1917-4A90-AD95-380584BF0228}.Release|x86.Build.0 = Release|Win32
		{DF3396E4-D29F-4EF0-9641-CB119044D7F9}.Debug|Any CPU.ActiveCfg = Debug|Any CPU
		{DF3396E4-D29F-4EF0-9641-CB119044D7F9}.Debug|Any CPU.Build.0 = Debug|Any CPU
		{DF3396E4-D29F-4EF0-9641-CB119044D7F9}.Debug|ARM.ActiveCfg = Debug|Any CPU
		{DF3396E4-D29F-4EF0-9641-CB119044D7F9}.Debug|ARM.Build.0 = Debug|Any CPU
		{DF3396E4-D29F-4EF0-9641-CB119044D7F9}.Debug|x64.ActiveCfg = Debug|Any CPU
		{DF3396E4-D29F-4EF0-9641-CB119044D7F9}.Debug|x64.Build.0 = Debug|Any CPU
		{DF3396E4-D29F-4EF0-9641-CB119044D7F9}.Debug|x86.ActiveCfg = Debug|Any CPU
		{DF3396E4-D29F-4EF0-9641-CB119044D7F9}.Debug|x86.Build.0 = Debug|Any CPU
		{DF3396E4-D29F-4EF0-9641-CB119044D7F9}.Release|Any CPU.ActiveCfg = Release|Any CPU
		{DF3396E4-D29F-4EF0-9641-CB119044D7F9}.Release|Any CPU.Build.0 = Release|Any CPU
		{DF3396E4-D29F-4EF0-9641-CB119044D7F9}.Release|ARM.ActiveCfg = Release|Any CPU
		{DF3396E4-D29F-4EF0-9641-CB119044D7F9}.Release|ARM.Build.0 = Release|Any CPU
		{DF3396E4-D29F-4EF0-9641-CB119044D7F9}.Release|x64.ActiveCfg = Release|Any CPU
		{DF3396E4-D29F-4EF0-9641-CB119044D7F9}.Release|x64.Build.0 = Release|Any CPU
		{DF3396E4-D29F-4EF0-9641-CB119044D7F9}.Release|x86.ActiveCfg = Release|Any CPU
		{DF3396E4-D29F-4EF0-9641-CB119044D7F9}.Release|x86.Build.0 = Release|Any CPU
		{5CB529F3-B67E-4D48-9654-220E8C5A99C9}.Debug|Any CPU.ActiveCfg = Debug|Any CPU
		{5CB529F3-B67E-4D48-9654-220E8C5A99C9}.Debug|Any CPU.Build.0 = Debug|Any CPU
		{5CB529F3-B67E-4D48-9654-220E8C5A99C9}.Debug|ARM.ActiveCfg = Debug|Any CPU
		{5CB529F3-B67E-4D48-9654-220E8C5A99C9}.Debug|ARM.Build.0 = Debug|Any CPU
		{5CB529F3-B67E-4D48-9654-220E8C5A99C9}.Debug|x64.ActiveCfg = Debug|Any CPU
		{5CB529F3-B67E-4D48-9654-220E8C5A99C9}.Debug|x64.Build.0 = Debug|Any CPU
		{5CB529F3-B67E-4D48-9654-220E8C5A99C9}.Debug|x86.ActiveCfg = Debug|Any CPU
		{5CB529F3-B67E-4D48-9654-220E8C5A99C9}.Debug|x86.Build.0 = Debug|Any CPU
		{5CB529F3-B67E-4D48-9654-220E8C5A99C9}.Release|Any CPU.ActiveCfg = Release|Any CPU
		{5CB529F3-B67E-4D48-9654-220E8C5A99C9}.Release|Any CPU.Build.0 = Release|Any CPU
		{5CB529F3-B67E-4D48-9654-220E8C5A99C9}.Release|ARM.ActiveCfg = Release|Any CPU
		{5CB529F3-B67E-4D48-9654-220E8C5A99C9}.Release|ARM.Build.0 = Release|Any CPU
		{5CB529F3-B67E-4D48-9654-220E8C5A99C9}.Release|x64.ActiveCfg = Release|Any CPU
		{5CB529F3-B67E-4D48-9654-220E8C5A99C9}.Release|x64.Build.0 = Release|Any CPU
		{5CB529F3-B67E-4D48-9654-220E8C5A99C9}.Release|x86.ActiveCfg = Release|x86
		{5CB529F3-B67E-4D48-9654-220E8C5A99C9}.Release|x86.Build.0 = Release|x86
		{E57F4AE6-0202-4654-8164-476D47209565}.Debug|Any CPU.ActiveCfg = Debug|Any CPU
		{E57F4AE6-0202-4654-8164-476D47209565}.Debug|Any CPU.Build.0 = Debug|Any CPU
		{E57F4AE6-0202-4654-8164-476D47209565}.Debug|ARM.ActiveCfg = Debug|Any CPU
		{E57F4AE6-0202-4654-8164-476D47209565}.Debug|ARM.Build.0 = Debug|Any CPU
		{E57F4AE6-0202-4654-8164-476D47209565}.Debug|x64.ActiveCfg = Debug|Any CPU
		{E57F4AE6-0202-4654-8164-476D47209565}.Debug|x64.Build.0 = Debug|Any CPU
		{E57F4AE6-0202-4654-8164-476D47209565}.Debug|x86.ActiveCfg = Debug|Any CPU
		{E57F4AE6-0202-4654-8164-476D47209565}.Debug|x86.Build.0 = Debug|Any CPU
		{E57F4AE6-0202-4654-8164-476D47209565}.Release|Any CPU.ActiveCfg = Release|Any CPU
		{E57F4AE6-0202-4654-8164-476D47209565}.Release|Any CPU.Build.0 = Release|Any CPU
		{E57F4AE6-0202-4654-8164-476D47209565}.Release|ARM.ActiveCfg = Release|Any CPU
		{E57F4AE6-0202-4654-8164-476D47209565}.Release|ARM.Build.0 = Release|Any CPU
		{E57F4AE6-0202-4654-8164-476D47209565}.Release|x64.ActiveCfg = Release|Any CPU
		{E57F4AE6-0202-4654-8164-476D47209565}.Release|x64.Build.0 = Release|Any CPU
		{E57F4AE6-0202-4654-8164-476D47209565}.Release|x86.ActiveCfg = Release|Any CPU
		{E57F4AE6-0202-4654-8164-476D47209565}.Release|x86.Build.0 = Release|Any CPU
		{29C4C30E-DF94-493C-8DFC-A141EF859400}.Debug|Any CPU.ActiveCfg = Debug|Any CPU
		{29C4C30E-DF94-493C-8DFC-A141EF859400}.Debug|Any CPU.Build.0 = Debug|Any CPU
		{29C4C30E-DF94-493C-8DFC-A141EF859400}.Debug|ARM.ActiveCfg = Debug|Any CPU
		{29C4C30E-DF94-493C-8DFC-A141EF859400}.Debug|ARM.Build.0 = Debug|Any CPU
		{29C4C30E-DF94-493C-8DFC-A141EF859400}.Debug|x64.ActiveCfg = Debug|Any CPU
		{29C4C30E-DF94-493C-8DFC-A141EF859400}.Debug|x64.Build.0 = Debug|Any CPU
		{29C4C30E-DF94-493C-8DFC-A141EF859400}.Debug|x86.ActiveCfg = Debug|Any CPU
		{29C4C30E-DF94-493C-8DFC-A141EF859400}.Debug|x86.Build.0 = Debug|Any CPU
		{29C4C30E-DF94-493C-8DFC-A141EF859400}.Release|Any CPU.ActiveCfg = Release|Any CPU
		{29C4C30E-DF94-493C-8DFC-A141EF859400}.Release|Any CPU.Build.0 = Release|Any CPU
		{29C4C30E-DF94-493C-8DFC-A141EF859400}.Release|ARM.ActiveCfg = Release|Any CPU
		{29C4C30E-DF94-493C-8DFC-A141EF859400}.Release|ARM.Build.0 = Release|Any CPU
		{29C4C30E-DF94-493C-8DFC-A141EF859400}.Release|x64.ActiveCfg = Release|Any CPU
		{29C4C30E-DF94-493C-8DFC-A141EF859400}.Release|x64.Build.0 = Release|Any CPU
		{29C4C30E-DF94-493C-8DFC-A141EF859400}.Release|x86.ActiveCfg = Release|Any CPU
		{29C4C30E-DF94-493C-8DFC-A141EF859400}.Release|x86.Build.0 = Release|Any CPU
		{435B7A2D-BFD3-4379-BCDB-63124D1E692B}.Debug|Any CPU.ActiveCfg = Debug|Any CPU
		{435B7A2D-BFD3-4379-BCDB-63124D1E692B}.Debug|Any CPU.Build.0 = Debug|Any CPU
		{435B7A2D-BFD3-4379-BCDB-63124D1E692B}.Debug|ARM.ActiveCfg = Debug|Any CPU
		{435B7A2D-BFD3-4379-BCDB-63124D1E692B}.Debug|ARM.Build.0 = Debug|Any CPU
		{435B7A2D-BFD3-4379-BCDB-63124D1E692B}.Debug|x64.ActiveCfg = Debug|Any CPU
		{435B7A2D-BFD3-4379-BCDB-63124D1E692B}.Debug|x64.Build.0 = Debug|Any CPU
		{435B7A2D-BFD3-4379-BCDB-63124D1E692B}.Debug|x86.ActiveCfg = Debug|Any CPU
		{435B7A2D-BFD3-4379-BCDB-63124D1E692B}.Debug|x86.Build.0 = Debug|Any CPU
		{435B7A2D-BFD3-4379-BCDB-63124D1E692B}.Release|Any CPU.ActiveCfg = Release|Any CPU
		{435B7A2D-BFD3-4379-BCDB-63124D1E692B}.Release|Any CPU.Build.0 = Release|Any CPU
		{435B7A2D-BFD3-4379-BCDB-63124D1E692B}.Release|ARM.ActiveCfg = Release|Any CPU
		{435B7A2D-BFD3-4379-BCDB-63124D1E692B}.Release|ARM.Build.0 = Release|Any CPU
		{435B7A2D-BFD3-4379-BCDB-63124D1E692B}.Release|x64.ActiveCfg = Release|Any CPU
		{435B7A2D-BFD3-4379-BCDB-63124D1E692B}.Release|x64.Build.0 = Release|Any CPU
		{435B7A2D-BFD3-4379-BCDB-63124D1E692B}.Release|x86.ActiveCfg = Release|Any CPU
		{435B7A2D-BFD3-4379-BCDB-63124D1E692B}.Release|x86.Build.0 = Release|Any CPU
		{46C2EE18-3EBE-4C43-A39E-DA21AE43AB10}.Debug|Any CPU.ActiveCfg = Debug|x86
		{46C2EE18-3EBE-4C43-A39E-DA21AE43AB10}.Debug|ARM.ActiveCfg = Debug|ARM
		{46C2EE18-3EBE-4C43-A39E-DA21AE43AB10}.Debug|ARM.Build.0 = Debug|ARM
		{46C2EE18-3EBE-4C43-A39E-DA21AE43AB10}.Debug|ARM.Deploy.0 = Debug|ARM
		{46C2EE18-3EBE-4C43-A39E-DA21AE43AB10}.Debug|x64.ActiveCfg = Debug|x64
		{46C2EE18-3EBE-4C43-A39E-DA21AE43AB10}.Debug|x64.Build.0 = Debug|x64
		{46C2EE18-3EBE-4C43-A39E-DA21AE43AB10}.Debug|x64.Deploy.0 = Debug|x64
		{46C2EE18-3EBE-4C43-A39E-DA21AE43AB10}.Debug|x86.ActiveCfg = Debug|x86
		{46C2EE18-3EBE-4C43-A39E-DA21AE43AB10}.Debug|x86.Build.0 = Debug|x86
		{46C2EE18-3EBE-4C43-A39E-DA21AE43AB10}.Debug|x86.Deploy.0 = Debug|x86
		{46C2EE18-3EBE-4C43-A39E-DA21AE43AB10}.Release|Any CPU.ActiveCfg = Release|x86
		{46C2EE18-3EBE-4C43-A39E-DA21AE43AB10}.Release|ARM.ActiveCfg = Release|ARM
		{46C2EE18-3EBE-4C43-A39E-DA21AE43AB10}.Release|ARM.Build.0 = Release|ARM
		{46C2EE18-3EBE-4C43-A39E-DA21AE43AB10}.Release|ARM.Deploy.0 = Release|ARM
		{46C2EE18-3EBE-4C43-A39E-DA21AE43AB10}.Release|x64.ActiveCfg = Release|x64
		{46C2EE18-3EBE-4C43-A39E-DA21AE43AB10}.Release|x64.Build.0 = Release|x64
		{46C2EE18-3EBE-4C43-A39E-DA21AE43AB10}.Release|x64.Deploy.0 = Release|x64
		{46C2EE18-3EBE-4C43-A39E-DA21AE43AB10}.Release|x86.ActiveCfg = Release|x86
		{46C2EE18-3EBE-4C43-A39E-DA21AE43AB10}.Release|x86.Build.0 = Release|x86
		{46C2EE18-3EBE-4C43-A39E-DA21AE43AB10}.Release|x86.Deploy.0 = Release|x86
		{21F12AA1-49A5-4A6D-8D25-59B8D123957E}.Debug|Any CPU.ActiveCfg = Debug|Any CPU
		{21F12AA1-49A5-4A6D-8D25-59B8D123957E}.Debug|Any CPU.Build.0 = Debug|Any CPU
		{21F12AA1-49A5-4A6D-8D25-59B8D123957E}.Debug|ARM.ActiveCfg = Debug|Any CPU
		{21F12AA1-49A5-4A6D-8D25-59B8D123957E}.Debug|ARM.Build.0 = Debug|Any CPU
		{21F12AA1-49A5-4A6D-8D25-59B8D123957E}.Debug|x64.ActiveCfg = Debug|Any CPU
		{21F12AA1-49A5-4A6D-8D25-59B8D123957E}.Debug|x64.Build.0 = Debug|Any CPU
		{21F12AA1-49A5-4A6D-8D25-59B8D123957E}.Debug|x86.ActiveCfg = Debug|Any CPU
		{21F12AA1-49A5-4A6D-8D25-59B8D123957E}.Debug|x86.Build.0 = Debug|Any CPU
		{21F12AA1-49A5-4A6D-8D25-59B8D123957E}.Release|Any CPU.ActiveCfg = Release|Any CPU
		{21F12AA1-49A5-4A6D-8D25-59B8D123957E}.Release|Any CPU.Build.0 = Release|Any CPU
		{21F12AA1-49A5-4A6D-8D25-59B8D123957E}.Release|ARM.ActiveCfg = Release|Any CPU
		{21F12AA1-49A5-4A6D-8D25-59B8D123957E}.Release|ARM.Build.0 = Release|Any CPU
		{21F12AA1-49A5-4A6D-8D25-59B8D123957E}.Release|x64.ActiveCfg = Release|Any CPU
		{21F12AA1-49A5-4A6D-8D25-59B8D123957E}.Release|x64.Build.0 = Release|Any CPU
		{21F12AA1-49A5-4A6D-8D25-59B8D123957E}.Release|x86.ActiveCfg = Release|Any CPU
		{21F12AA1-49A5-4A6D-8D25-59B8D123957E}.Release|x86.Build.0 = Release|Any CPU
		{8C474830-4B2B-4F61-B0C7-29BF665EB051}.Debug|Any CPU.ActiveCfg = Debug|Any CPU
		{8C474830-4B2B-4F61-B0C7-29BF665EB051}.Debug|Any CPU.Build.0 = Debug|Any CPU
		{8C474830-4B2B-4F61-B0C7-29BF665EB051}.Debug|ARM.ActiveCfg = Debug|Any CPU
		{8C474830-4B2B-4F61-B0C7-29BF665EB051}.Debug|ARM.Build.0 = Debug|Any CPU
		{8C474830-4B2B-4F61-B0C7-29BF665EB051}.Debug|x64.ActiveCfg = Debug|Any CPU
		{8C474830-4B2B-4F61-B0C7-29BF665EB051}.Debug|x64.Build.0 = Debug|Any CPU
		{8C474830-4B2B-4F61-B0C7-29BF665EB051}.Debug|x86.ActiveCfg = Debug|Any CPU
		{8C474830-4B2B-4F61-B0C7-29BF665EB051}.Debug|x86.Build.0 = Debug|Any CPU
		{8C474830-4B2B-4F61-B0C7-29BF665EB051}.Release|Any CPU.ActiveCfg = Release|Any CPU
		{8C474830-4B2B-4F61-B0C7-29BF665EB051}.Release|Any CPU.Build.0 = Release|Any CPU
		{8C474830-4B2B-4F61-B0C7-29BF665EB051}.Release|ARM.ActiveCfg = Release|Any CPU
		{8C474830-4B2B-4F61-B0C7-29BF665EB051}.Release|ARM.Build.0 = Release|Any CPU
		{8C474830-4B2B-4F61-B0C7-29BF665EB051}.Release|x64.ActiveCfg = Release|Any CPU
		{8C474830-4B2B-4F61-B0C7-29BF665EB051}.Release|x64.Build.0 = Release|Any CPU
		{8C474830-4B2B-4F61-B0C7-29BF665EB051}.Release|x86.ActiveCfg = Release|Any CPU
		{8C474830-4B2B-4F61-B0C7-29BF665EB051}.Release|x86.Build.0 = Release|Any CPU
		{E8A96888-CF33-43DE-B94A-A329A16786AD}.Debug|Any CPU.ActiveCfg = Debug|Any CPU
		{E8A96888-CF33-43DE-B94A-A329A16786AD}.Debug|Any CPU.Build.0 = Debug|Any CPU
		{E8A96888-CF33-43DE-B94A-A329A16786AD}.Debug|ARM.ActiveCfg = Debug|Any CPU
		{E8A96888-CF33-43DE-B94A-A329A16786AD}.Debug|ARM.Build.0 = Debug|Any CPU
		{E8A96888-CF33-43DE-B94A-A329A16786AD}.Debug|x64.ActiveCfg = Debug|Any CPU
		{E8A96888-CF33-43DE-B94A-A329A16786AD}.Debug|x64.Build.0 = Debug|Any CPU
		{E8A96888-CF33-43DE-B94A-A329A16786AD}.Debug|x86.ActiveCfg = Debug|Any CPU
		{E8A96888-CF33-43DE-B94A-A329A16786AD}.Debug|x86.Build.0 = Debug|Any CPU
		{E8A96888-CF33-43DE-B94A-A329A16786AD}.Release|Any CPU.ActiveCfg = Release|Any CPU
		{E8A96888-CF33-43DE-B94A-A329A16786AD}.Release|Any CPU.Build.0 = Release|Any CPU
		{E8A96888-CF33-43DE-B94A-A329A16786AD}.Release|ARM.ActiveCfg = Release|Any CPU
		{E8A96888-CF33-43DE-B94A-A329A16786AD}.Release|ARM.Build.0 = Release|Any CPU
		{E8A96888-CF33-43DE-B94A-A329A16786AD}.Release|x64.ActiveCfg = Release|Any CPU
		{E8A96888-CF33-43DE-B94A-A329A16786AD}.Release|x64.Build.0 = Release|Any CPU
		{E8A96888-CF33-43DE-B94A-A329A16786AD}.Release|x86.ActiveCfg = Release|Any CPU
		{E8A96888-CF33-43DE-B94A-A329A16786AD}.Release|x86.Build.0 = Release|Any CPU
		{DDB8A6AC-EF44-4F5B-B7C7-195EC441D221}.Debug|Any CPU.ActiveCfg = Debug|Win32
		{DDB8A6AC-EF44-4F5B-B7C7-195EC441D221}.Debug|ARM.ActiveCfg = Debug|Win32
		{DDB8A6AC-EF44-4F5B-B7C7-195EC441D221}.Debug|x64.ActiveCfg = Debug|x64
		{DDB8A6AC-EF44-4F5B-B7C7-195EC441D221}.Debug|x64.Build.0 = Debug|x64
		{DDB8A6AC-EF44-4F5B-B7C7-195EC441D221}.Debug|x86.ActiveCfg = Debug|Win32
		{DDB8A6AC-EF44-4F5B-B7C7-195EC441D221}.Debug|x86.Build.0 = Debug|Win32
		{DDB8A6AC-EF44-4F5B-B7C7-195EC441D221}.Release|Any CPU.ActiveCfg = Release|Win32
		{DDB8A6AC-EF44-4F5B-B7C7-195EC441D221}.Release|ARM.ActiveCfg = Release|Win32
		{DDB8A6AC-EF44-4F5B-B7C7-195EC441D221}.Release|x64.ActiveCfg = Release|x64
		{DDB8A6AC-EF44-4F5B-B7C7-195EC441D221}.Release|x64.Build.0 = Release|x64
		{DDB8A6AC-EF44-4F5B-B7C7-195EC441D221}.Release|x86.ActiveCfg = Release|Win32
		{DDB8A6AC-EF44-4F5B-B7C7-195EC441D221}.Release|x86.Build.0 = Release|Win32
	EndGlobalSection
	GlobalSection(SolutionProperties) = preSolution
		HideSolutionNode = FALSE
	EndGlobalSection
	GlobalSection(NestedProjects) = preSolution
		{1F116D3B-E8F2-40BE-B01D-46FF1C96ECB3} = {2EA4E039-D90C-45DA-A5FC-248C87C9151E}
		{22DC36CD-EB10-410F-AF18-D65DAFE32C4D} = {3458E189-A56A-490C-B412-F3A5EBFEC669}
		{699175EF-E1FC-44C0-BEA3-2E59620D1727} = {50F92FB4-EB41-4B85-8D66-92CF516AC670}
		{4C49E3D7-ACE6-4439-A509-7AE313D1169C} = {50F92FB4-EB41-4B85-8D66-92CF516AC670}
		{E2C97D92-5A26-44ED-B4CF-3FB4E4C11670} = {1F116D3B-E8F2-40BE-B01D-46FF1C96ECB3}
		{25F5477B-DCD4-459D-AD7F-F2EDD0861A41} = {1F116D3B-E8F2-40BE-B01D-46FF1C96ECB3}
		{4A17DC46-D107-4EA0-A29F-469E75BFFC8F} = {1F116D3B-E8F2-40BE-B01D-46FF1C96ECB3}
		{FACF5BB2-F2C2-449D-B185-7A602F6FA44D} = {4C49E3D7-ACE6-4439-A509-7AE313D1169C}
		{6F3AFE49-AB58-464D-B252-F7EF803BAE7C} = {FF130810-9BD3-4A4D-BC9E-D54D20847948}
		{FF130810-9BD3-4A4D-BC9E-D54D20847948} = {79E00D7E-15B9-4CC7-ACAD-C7762F364157}
		{743287AA-861B-4A79-808C-BA25717BF67E} = {FF130810-9BD3-4A4D-BC9E-D54D20847948}
		{DA4BB274-15D2-4D23-BEA2-BD26B2CDC33C} = {FF130810-9BD3-4A4D-BC9E-D54D20847948}
		{0D95C186-9AA0-45EF-BAA6-86D0D242C3AE} = {79E00D7E-15B9-4CC7-ACAD-C7762F364157}
		{A80780C7-4929-4ACB-85D2-8A2ECD9A73C4} = {FF130810-9BD3-4A4D-BC9E-D54D20847948}
		{35230BFE-018B-492B-ACCF-714462701079} = {FF130810-9BD3-4A4D-BC9E-D54D20847948}
		{7EFB9A32-37E3-4575-A132-2069769B4E3C} = {0D95C186-9AA0-45EF-BAA6-86D0D242C3AE}
		{952C91F6-ABDB-4C6C-B4E8-9036FD5563B4} = {FF130810-9BD3-4A4D-BC9E-D54D20847948}
		{9161CD33-593F-446E-9356-AD1D489D5CD0} = {79E00D7E-15B9-4CC7-ACAD-C7762F364157}
		{965AA5BF-2837-4280-9CD6-91177ADE2B2B} = {9161CD33-593F-446E-9356-AD1D489D5CD0}
		{38234EF7-B0C1-403B-8C97-FC2E0C6962E9} = {79E00D7E-15B9-4CC7-ACAD-C7762F364157}
		{8D96B60C-86C9-4B9D-B01F-2830D8554203} = {38234EF7-B0C1-403B-8C97-FC2E0C6962E9}
		{ADB806A2-5E2B-4E0F-B0CD-5F98C2DC9332} = {13D7F5C8-BA03-4BA6-BB82-910C71FB74E6}
		{3586F533-6CCB-470C-96D5-6C3137F00E43} = {ADB806A2-5E2B-4E0F-B0CD-5F98C2DC9332}
		{C6DF15F5-E263-41E0-8404-D00ACED88D8F} = {ADB806A2-5E2B-4E0F-B0CD-5F98C2DC9332}
		{D51563C7-0B60-4139-8AC9-875A37FA127E} = {EDC55BF6-5221-4683-ACED-2F3A88B0462F}
		{CD266A2F-B109-4AC5-B022-C82B05A39C8B} = {D51563C7-0B60-4139-8AC9-875A37FA127E}
		{636481D7-326D-470A-8133-729452A6BFA5} = {D51563C7-0B60-4139-8AC9-875A37FA127E}
		{AC163228-BE3E-48A1-A6BA-D41A8E05C32C} = {FF130810-9BD3-4A4D-BC9E-D54D20847948}
		{4E219196-5466-4D56-AEEB-19C59E501279} = {699175EF-E1FC-44C0-BEA3-2E59620D1727}
		{538D8C81-8A59-4C85-B934-C44CC204CB65} = {4C49E3D7-ACE6-4439-A509-7AE313D1169C}
		{C10EB7DD-570D-4194-ADDC-AE1DC9263588} = {50F92FB4-EB41-4B85-8D66-92CF516AC670}
		{0B36B769-FF25-41A7-A816-4D1BEE392057} = {C10EB7DD-570D-4194-ADDC-AE1DC9263588}
		{42F07156-F528-41ED-877D-4EF99DCD4D54} = {C10EB7DD-570D-4194-ADDC-AE1DC9263588}
		{C01C4911-58D4-4F6C-B484-FE0FF5D17453} = {4C49E3D7-ACE6-4439-A509-7AE313D1169C}
		{909DE05A-96B1-4580-B85C-3599D1BF9EC0} = {4C49E3D7-ACE6-4439-A509-7AE313D1169C}
		{0BABECCB-8637-4F79-AF7E-03405D229095} = {4C49E3D7-ACE6-4439-A509-7AE313D1169C}
		{D32081A7-F10E-4A2E-AA7B-5B893F877FD0} = {4C49E3D7-ACE6-4439-A509-7AE313D1169C}
		{4A1DD8D5-6224-4CDA-B5D7-F2A4C26D980A} = {C10EB7DD-570D-4194-ADDC-AE1DC9263588}
		{D8FCE9BE-E7AE-4564-B17E-92D91DE540BA} = {699175EF-E1FC-44C0-BEA3-2E59620D1727}
		{32789A82-8818-46AD-A082-81922F65F3F5} = {4C49E3D7-ACE6-4439-A509-7AE313D1169C}
		{3B08269C-5B4C-42A2-AC40-453D0B8C7902} = {4C49E3D7-ACE6-4439-A509-7AE313D1169C}
		{179F9DE7-C6D4-41D6-980D-5FBFC6C9F5A7} = {D51563C7-0B60-4139-8AC9-875A37FA127E}
		{3C4AE289-46C4-48D7-A5DA-CB1EBEF3D52D} = {10092D31-F5C1-4E9D-B778-68E4DC2E16EA}
		{9B226889-A852-4F53-9E2C-EBC527948555} = {3C4AE289-46C4-48D7-A5DA-CB1EBEF3D52D}
		{039B46E8-3C63-45B0-AEB3-5CEB0F03D8D8} = {10092D31-F5C1-4E9D-B778-68E4DC2E16EA}
		{0D97A1D6-1131-4DA5-8464-02822C460D19} = {039B46E8-3C63-45B0-AEB3-5CEB0F03D8D8}
		{B6A8C7D6-D04E-4B27-A4FC-3C18435A007F} = {10092D31-F5C1-4E9D-B778-68E4DC2E16EA}
		{65F129A7-45A6-4641-8CFA-E6CF5914FBF9} = {B6A8C7D6-D04E-4B27-A4FC-3C18435A007F}
		{625331B5-1917-4A90-AD95-380584BF0228} = {0D95C186-9AA0-45EF-BAA6-86D0D242C3AE}
		{DF3396E4-D29F-4EF0-9641-CB119044D7F9} = {FF130810-9BD3-4A4D-BC9E-D54D20847948}
		{B39E02A8-22CB-4AE6-B999-1137EF8DB7E4} = {BE8C171F-147E-42FF-A38E-B6C19387F08D}
		{5CB529F3-B67E-4D48-9654-220E8C5A99C9} = {B39E02A8-22CB-4AE6-B999-1137EF8DB7E4}
		{5ED0FBEF-2C1F-4541-AA61-311F95EE0FD6} = {BE8C171F-147E-42FF-A38E-B6C19387F08D}
		{E57F4AE6-0202-4654-8164-476D47209565} = {5ED0FBEF-2C1F-4541-AA61-311F95EE0FD6}
		{29C4C30E-DF94-493C-8DFC-A141EF859400} = {ADB806A2-5E2B-4E0F-B0CD-5F98C2DC9332}
		{C619F0C1-EBAA-48D1-9C65-334BE281CD33} = {13D7F5C8-BA03-4BA6-BB82-910C71FB74E6}
		{435B7A2D-BFD3-4379-BCDB-63124D1E692B} = {C619F0C1-EBAA-48D1-9C65-334BE281CD33}
		{46C2EE18-3EBE-4C43-A39E-DA21AE43AB10} = {22DC36CD-EB10-410F-AF18-D65DAFE32C4D}
		{E58DB432-A1A0-4E25-BA69-9ADF279B7ADD} = {3458E189-A56A-490C-B412-F3A5EBFEC669}
		{21F12AA1-49A5-4A6D-8D25-59B8D123957E} = {E58DB432-A1A0-4E25-BA69-9ADF279B7ADD}
		{8C474830-4B2B-4F61-B0C7-29BF665EB051} = {22DC36CD-EB10-410F-AF18-D65DAFE32C4D}
		{B266307F-496A-4D82-9480-BCBA4F5CF25D} = {3458E189-A56A-490C-B412-F3A5EBFEC669}
		{E8A96888-CF33-43DE-B94A-A329A16786AD} = {B266307F-496A-4D82-9480-BCBA4F5CF25D}
		{DDB8A6AC-EF44-4F5B-B7C7-195EC441D221} = {0D95C186-9AA0-45EF-BAA6-86D0D242C3AE}
	EndGlobalSection
	GlobalSection(ExtensibilityGlobals) = postSolution
		SolutionGuid = {51FCF5CE-642D-4789-950E-07E5BBCA7C94}
	EndGlobalSection
EndGlobal
